
Microsoft Visual Studio Solution File, Format Version 11.00
# Visual Studio 2010
Project("{FAE04EC0-301F-11D3-BF4B-00C04F79EFBC}") = "InheritPolymorphism1", "InheritPolymorphism1.csproj", "{7BCDD23D-6FED-4F5C-A361-1A80C520278D}"
EndProject
Global
	GlobalSection(SolutionConfigurationPlatforms) = preSolution
		Debug|Any CPU = Debug|Any CPU
		Release|Any CPU = Release|Any CPU
	EndGlobalSection
	GlobalSection(ProjectConfigurationPlatforms) = postSolution
		{7BCDD23D-6FED-4F5C-A361-1A80C520278D}.Debug|Any CPU.ActiveCfg = Debug|Any CPU
		{7BCDD23D-6FED-4F5C-A361-1A80C520278D}.Debug|Any CPU.Build.0 = Debug|Any CPU
		{7BCDD23D-6FED-4F5C-A361-1A80C520278D}.Release|Any CPU.ActiveCfg = Release|Any CPU
		{7BCDD23D-6FED-4F5C-A361-1A80C520278D}.Release|Any CPU.Build.0 = Release|Any CPU
	EndGlobalSection
	GlobalSection(SolutionProperties) = preSolution
		HideSolutionNode = FALSE
	EndGlobalSection
EndGlobal
