
Microsoft Visual Studio Solution File, Format Version 12.00
# Visual Studio 2013
VisualStudioVersion = 12.0.21005.1
MinimumVisualStudioVersion = 10.0.40219.1
Project("{2150E333-8FDC-42A3-9474-1A3956D46DE8}") = "1_概述", "1_概述", "{B3C4D61D-0B43-4C86-B19B-3F4FFE1721FF}"
EndProject
Project("{FAE04EC0-301F-11D3-BF4B-00C04F79EFBC}") = "MyClockForWindowsFrom", "MyClockForWindowsFrom\MyClockForWindowsFrom\MyClockForWindowsFrom.csproj", "{4CB9C704-6C30-4D99-B12F-F6F481F556D4}"
EndProject
Project("{FAE04EC0-301F-11D3-BF4B-00C04F79EFBC}") = "MyClockForWPF", "MyClockForWPF\MyClockForWPF\MyClockForWPF.csproj", "{81358B51-102B-41CD-A97A-7225EE164A05}"
EndProject
Project("{2150E333-8FDC-42A3-9474-1A3956D46DE8}") = "2_基础", "2_基础", "{2BA72A41-0DBD-438A-8BB9-8E0F215671CB}"
EndProject
Project("{FAE04EC0-301F-11D3-BF4B-00C04F79EFBC}") = "CalculateN", "CalculateN\CalculateN\CalculateN.csproj", "{7565178B-C942-4A8B-BBDF-399153A0C22A}"
EndProject
Project("{FAE04EC0-301F-11D3-BF4B-00C04F79EFBC}") = "GenerateRandomNumber", "GenerateRandomNumber\GenerateRandomNumber\GenerateRandomNumber.csproj", "{40477B32-19E6-49CB-844F-5D0FAAF6046D}"
EndProject
Project("{FAE04EC0-301F-11D3-BF4B-00C04F79EFBC}") = "Pseudorandom", "Pseudorandom\Pseudorandom\Pseudorandom.csproj", "{BFAC9627-91F3-48AA-BE08-23B37F488F43}"
EndProject
Project("{FAE04EC0-301F-11D3-BF4B-00C04F79EFBC}") = "Recursion", "Recursion\Recursion\Recursion.csproj", "{BA714133-9432-49F5-83AA-7A4B37EF8A82}"
EndProject
Project("{FAE04EC0-301F-11D3-BF4B-00C04F79EFBC}") = "ShowPicInForm", "ShowPicInForm\ShowPicInForm\ShowPicInForm.csproj", "{D528ED6C-FDFA-4E74-A9DC-1467C0A9AF31}"
EndProject
Project("{2150E333-8FDC-42A3-9474-1A3956D46DE8}") = "3_GUI", "3_GUI", "{CB2929FE-A88A-42D1-9134-56947F551BAC}"
EndProject
Project("{FAE04EC0-301F-11D3-BF4B-00C04F79EFBC}") = "UseComboBox", "UseComboBox\UseComboBox\UseComboBox.csproj", "{DFD8E848-245F-435F-9F76-32B1FC9538E1}"
EndProject
Project("{FAE04EC0-301F-11D3-BF4B-00C04F79EFBC}") = "UseList", "UseList\UseList\UseList.csproj", "{CF83D3C7-9E42-4F0A-8135-E7886335C35E}"
EndProject
Project("{2150E333-8FDC-42A3-9474-1A3956D46DE8}") = "4_类和对象", "4_类和对象", "{65D934A2-5ACD-48D3-AB27-28BDC4063CEA}"
EndProject
Project("{2150E333-8FDC-42A3-9474-1A3956D46DE8}") = "多窗体", "多窗体", "{DC5DF0A1-E74D-47CE-855C-6054EA958BB8}"
EndProject
Project("{2150E333-8FDC-42A3-9474-1A3956D46DE8}") = "类和对象", "类和对象", "{B9911B20-E2EB-4418-A881-5AE4ECE1B2EC}"
EndProject
Project("{FAE04EC0-301F-11D3-BF4B-00C04F79EFBC}") = "MultiFormProgram1", "MultiFormProgram1\MultiFormProgram1.csproj", "{1F91F9A3-F3D2-48F8-BA96-22F52E1E8277}"
EndProject
Project("{FAE04EC0-301F-11D3-BF4B-00C04F79EFBC}") = "MultiFormProgram2", "MultiFormProgram2\MultiFormProgram2.csproj", "{55A7401B-2DDF-44BC-B5C7-71D84C276BE0}"
EndProject
Project("{FAE04EC0-301F-11D3-BF4B-00C04F79EFBC}") = "SetOtherFormBackColor", "SetOtherFormBackColor\SetOtherFormBackColor\SetOtherFormBackColor.csproj", "{670BDD15-FB84-45AC-B440-F8DEDA78B5D4}"
EndProject
Project("{FAE04EC0-301F-11D3-BF4B-00C04F79EFBC}") = "TwoWayCommunicationInForms", "TwoWayCommunicationInForms\TwoWayCommunicationInForms\TwoWayCommunicationInForms.csproj", "{B6DAB5E7-4AC6-4A4C-AEC5-8C465D5F28C0}"
EndProject
Project("{FAE04EC0-301F-11D3-BF4B-00C04F79EFBC}") = "ButtonCounterInSingleForm", "ButtonCounterInSingleForm\ButtonCounterInSingleForm.csproj", "{27B0F300-6DFD-46EF-8998-F4E5737CF2E8}"
EndProject
Project("{FAE04EC0-301F-11D3-BF4B-00C04F79EFBC}") = "Constructor", "Constructor\Constructor.csproj", "{ECAC4B9F-8A44-42D6-BC53-D6EC02806BF0}"
EndProject
Project("{FAE04EC0-301F-11D3-BF4B-00C04F79EFBC}") = "DefAndUseClass", "DefAndUseClass\DefAndUseClass.csproj", "{07A17ADE-E535-4948-8F27-FCF69725586B}"
EndProject
Project("{FAE04EC0-301F-11D3-BF4B-00C04F79EFBC}") = "ObjectCounter", "ObjectCounter\ObjectCounter.csproj", "{0B8AECF1-8312-4D24-9894-B8363835E41B}"
EndProject
Project("{FAE04EC0-301F-11D3-BF4B-00C04F79EFBC}") = "StaticMember", "StaticMember\StaticMember.csproj", "{182C7166-E4A0-402D-9F42-9A83AFD08644}"
EndProject
Project("{FAE04EC0-301F-11D3-BF4B-00C04F79EFBC}") = "UseForm", "UseForm\UseForm.csproj", "{3446F26D-DC05-4F00-BEA3-3BBD4575BA4B}"
EndProject
Project("{FAE04EC0-301F-11D3-BF4B-00C04F79EFBC}") = "UseProperty", "UseProperty\UseProperty.csproj", "{1AB203B7-D7BE-4D26-80F1-9729C5238757}"
EndProject
Project("{2150E333-8FDC-42A3-9474-1A3956D46DE8}") = "5_继承接口和多态", "5_继承接口和多态", "{9A85131C-3362-45F3-8819-57D7934ED616}"
EndProject
Project("{FAE04EC0-301F-11D3-BF4B-00C04F79EFBC}") = "AbstractClass", "AbstractClass\AbstractClass.csproj", "{2BDE4EF4-0F08-4719-99F0-B6FF89D3EC86}"
EndProject
Project("{FAE04EC0-301F-11D3-BF4B-00C04F79EFBC}") = "CallBackExample", "CallBackExample\CallBackExample.csproj", "{92277451-DE83-4AA7-BBA0-AB07A31F0364}"
EndProject
Project("{FAE04EC0-301F-11D3-BF4B-00C04F79EFBC}") = "Hides", "Hides\Hides.csproj", "{6D84E395-228F-4419-99B7-4CB54D5084CF}"
EndProject
Project("{FAE04EC0-301F-11D3-BF4B-00C04F79EFBC}") = "ImplementInterface", "ImplementInterface\ImplementInterface.csproj", "{4B2BE5EF-1A72-45BC-9039-692FE617238E}"
EndProject
Project("{FAE04EC0-301F-11D3-BF4B-00C04F79EFBC}") = "InheritPolymorphism1", "InheritPolymorphism1\InheritPolymorphism1.csproj", "{7BCDD23D-6FED-4F5C-A361-1A80C520278D}"
EndProject
Project("{FAE04EC0-301F-11D3-BF4B-00C04F79EFBC}") = "InheritPolymorphism2", "InheritPolymorphism2\InheritPolymorphism2.csproj", "{0BDF9241-7B8C-42B7-ADC1-4CDB82120D03}"
EndProject
Project("{FAE04EC0-301F-11D3-BF4B-00C04F79EFBC}") = "InheritPolymorphism3", "InheritPolymorphism3\InheritPolymorphism3.csproj", "{1C93B9D2-1597-43CA-90E2-F07D373E915E}"
EndProject
Project("{FAE04EC0-301F-11D3-BF4B-00C04F79EFBC}") = "Inherits", "Inherits\Inherits.csproj", "{25DB5CA2-80C0-4BAE-ADAC-019128F6906C}"
EndProject
Project("{FAE04EC0-301F-11D3-BF4B-00C04F79EFBC}") = "InterfaceExamples", "InterfaceExamples\InterfaceExamples.csproj", "{B3D91BE7-274A-49D2-A7B1-573E053D6CA1}"
EndProject
Project("{FAE04EC0-301F-11D3-BF4B-00C04F79EFBC}") = "Overloads", "Overloads\Overloads.csproj", "{D8468008-9CDF-42DB-BEBA-6AB6A128CB99}"
EndProject
Project("{FAE04EC0-301F-11D3-BF4B-00C04F79EFBC}") = "Overrides", "Overrides\Overrides.csproj", "{0A0E3590-AA38-4BFD-93EB-D6128ADA427D}"
EndProject
Project("{2150E333-8FDC-42A3-9474-1A3956D46DE8}") = "6_委托与事件", "6_委托与事件", "{62EB6BE1-C678-4639-838B-C2B8D999AFF3}"
EndProject
Project("{FAE04EC0-301F-11D3-BF4B-00C04F79EFBC}") = "UseDelegate", "BroadcastInformation\UseDelegate\UseDelegate.csproj", "{63A8411A-0904-43F4-94A2-BDEFB26DA460}"
EndProject
Project("{FAE04EC0-301F-11D3-BF4B-00C04F79EFBC}") = "UseEvent", "BroadcastInformation\UseEvent\UseEvent.csproj", "{1BC1B82F-BB3D-4126-B9E9-4B22422F7556}"
EndProject
Project("{FAE04EC0-301F-11D3-BF4B-00C04F79EFBC}") = "UseObjectCollection", "BroadcastInformation\UseObjectCollection\UseObjectCollection.csproj", "{CC1778B6-86CD-43B6-968A-B1D373789788}"
EndProject
Project("{2150E333-8FDC-42A3-9474-1A3956D46DE8}") = "BroadcastInformation", "BroadcastInformation", "{900BEC03-2FED-4B4D-8B2A-FDA23D266BBD}"
EndProject
Project("{2150E333-8FDC-42A3-9474-1A3956D46DE8}") = "ButtonCounterForMultiForm", "ButtonCounterForMultiForm", "{645E6645-EB4A-470B-B630-49AC3805ACDF}"
EndProject
Project("{FAE04EC0-301F-11D3-BF4B-00C04F79EFBC}") = "ButtonCounterForMultiForm", "ButtonCounterForMultiForm\ButtonCounterForMultiForm\ButtonCounterForMultiForm.csproj", "{44DFA86E-4F21-4F2F-A4C2-BDF38F42A63D}"
EndProject
Project("{FAE04EC0-301F-11D3-BF4B-00C04F79EFBC}") = "ButtonCounterForMultiFormUseDelegate", "ButtonCounterForMultiForm\ButtonCounterForMultiFormUseDelegate\ButtonCounterForMultiFormUseDelegate.csproj", "{C9E7E37D-881F-484D-958B-50237D1E81F0}"
EndProject
Project("{FAE04EC0-301F-11D3-BF4B-00C04F79EFBC}") = "ButtonCounterForMultiFormUseEvent", "ButtonCounterForMultiForm\ButtonCounterForMultiFormUseEvent\ButtonCounterForMultiFormUseEvent\ButtonCounterForMultiFormUseEvent.csproj", "{A21FE700-559D-47A5-8EDF-707D700A3D14}"
EndProject
Project("{FAE04EC0-301F-11D3-BF4B-00C04F79EFBC}") = "ButtonCounterForMultiFormUseStaticMethod", "ButtonCounterForMultiForm\ButtonCounterForMultiFormUseStaticMethod\ButtonCounterForMultiFormUseStaticMethod.csproj", "{C4B82004-C6D8-4FDA-8A07-6A376C6E58A8}"
EndProject
Project("{FAE04EC0-301F-11D3-BF4B-00C04F79EFBC}") = "MainFormToOtherForm", "MainFormToOtherForm\MainFormToOtherForm.csproj", "{408CE59F-21CC-4A55-8487-1EC52C1D6A23}"
EndProject
Project("{FAE04EC0-301F-11D3-BF4B-00C04F79EFBC}") = "OtherFormToMainForm", "OtherFormToMainForm\OtherFormToMainForm.csproj", "{0513AB0E-8359-4AF9-B6A3-ED0644BAA42E}"
EndProject
Project("{2150E333-8FDC-42A3-9474-1A3956D46DE8}") = "事件", "事件", "{CC834CC9-C941-45FA-AEC5-4F071C292434}"
EndProject
Project("{FAE04EC0-301F-11D3-BF4B-00C04F79EFBC}") = "Wizard", "Wizard\Wizard\Wizard.csproj", "{D00EC7F0-7DD1-47A9-B42B-3F402E5E26D6}"
EndProject
Project("{FAE04EC0-301F-11D3-BF4B-00C04F79EFBC}") = "DynamicEventsInvoke", "DynamicEventsInvoke\DynamicEventsInvoke.csproj", "{9B49F11A-FEEA-486E-A728-2DA7492F9ACF}"
EndProject
Project("{FAE04EC0-301F-11D3-BF4B-00C04F79EFBC}") = "MouseLocation", "MouseLocation\MouseLocation.csproj", "{89AC2858-1414-4853-9190-A494EAECDF02}"
EndProject
Project("{FAE04EC0-301F-11D3-BF4B-00C04F79EFBC}") = "ResponseToEvents", "ResponseToEvents\ResponseToEvents.csproj", "{5F5C2EF2-BE9F-49B3-8909-C306A3364793}"
EndProject
Project("{FAE04EC0-301F-11D3-BF4B-00C04F79EFBC}") = "UseCustomEvent", "UseCustomEvent\UseCustomEvent\UseCustomEvent.csproj", "{5D2E0A56-B306-413C-9EE6-8492FAF5E8D2}"
EndProject
Project("{FAE04EC0-301F-11D3-BF4B-00C04F79EFBC}") = "UseEventExample", "UseEventExample\UseEventExample.csproj", "{562560A6-F741-43B7-91C9-9E75014D0209}"
EndProject
Project("{FAE04EC0-301F-11D3-BF4B-00C04F79EFBC}") = "UseEventHandler", "UseEventHandler\UseEventHandler\UseEventHandler.csproj", "{DA322DA3-BFA8-47A4-839B-A922DB5A79E0}"
EndProject
Project("{FAE04EC0-301F-11D3-BF4B-00C04F79EFBC}") = "UseEventHandler2", "UseEventHandler2\UseEventHandler2\UseEventHandler2.csproj", "{F23C0C92-A374-4DDE-A25F-067ECD82CAEF}"
EndProject
Project("{FAE04EC0-301F-11D3-BF4B-00C04F79EFBC}") = "UseMultiDelegateExample", "UseMultiDelegateExample\UseMultiDelegateExample.csproj", "{8D3EBAE7-4EE0-487D-88CE-DABB8A331F7B}"
EndProject
Project("{2150E333-8FDC-42A3-9474-1A3956D46DE8}") = "委托", "委托", "{2C3525A8-E3C8-4AAF-9C0F-AA1C6DF3E9DE}"
EndProject
Project("{FAE04EC0-301F-11D3-BF4B-00C04F79EFBC}") = "DynamicInvokeMethodForCS", "DynamicInvokeMethodForCS\DynamicInvokeMethodForCS\DynamicInvokeMethodForCS.csproj", "{2AF517D6-9D4F-4100-9167-030118204AFF}"
EndProject
Project("{FAE04EC0-301F-11D3-BF4B-00C04F79EFBC}") = "FirstDelegateExample", "FirstDelegateExample\FirstDelegateExample.csproj", "{9EEC0A3E-0DB4-4081-B2B3-1EDA333989FA}"
EndProject
Project("{FAE04EC0-301F-11D3-BF4B-00C04F79EFBC}") = "MulticastDelegateInvocationList", "MulticastDelegateInvocationList\MulticastDelegateInvocationList\MulticastDelegateInvocationList.csproj", "{0BAD529E-3226-4083-B90D-2AED21ED1A98}"
EndProject
Project("{FAE04EC0-301F-11D3-BF4B-00C04F79EFBC}") = "UseAnonymousMethod", "UseAnonymousMethod\UseAnonymousMethod\UseAnonymousMethod.csproj", "{F0C2FF7C-BC02-432C-BB81-C94829AD1CD1}"
EndProject
Project("{FAE04EC0-301F-11D3-BF4B-00C04F79EFBC}") = "UseGenericDelegate", "UseGenericDelegate\UseGenericDelegate\UseGenericDelegate.csproj", "{3472D3F0-BB16-47C2-B93F-BA4DD34F84B1}"
EndProject
Project("{FAE04EC0-301F-11D3-BF4B-00C04F79EFBC}") = "UseTimerCallback", "UseTimerCallback\UseTimerCallback.csproj", "{5676F64B-8799-49D3-AFFB-3DD96A8BE2F4}"
EndProject
Project("{2150E333-8FDC-42A3-9474-1A3956D46DE8}") = "7_对象集合与对象组合", "7_对象集合与对象组合", "{C57F59F6-1752-4494-9362-BB2AD711A1CA}"
EndProject
Project("{FAE04EC0-301F-11D3-BF4B-00C04F79EFBC}") = "ArrayEquals", "ArrayEquals\ArrayEquals\ArrayEquals.csproj", "{7DE1E93A-172A-4D16-8190-48813FCD80F1}"
EndProject
Project("{FAE04EC0-301F-11D3-BF4B-00C04F79EFBC}") = "ArrayExistsEvenNumer", "ArrayExistsEvenNumer\ArrayExistsEvenNumer\ArrayExistsEvenNumer.csproj", "{25DB6A14-A47F-424B-9C0A-BFEE017FEB9C}"
EndProject
Project("{FAE04EC0-301F-11D3-BF4B-00C04F79EFBC}") = "ArrayForEachExample", "ArrayForEachExample\ArrayForEachExample\ArrayForEachExample.csproj", "{77D83A45-AD61-420E-B542-4A4E4B4B6E27}"
EndProject
Project("{FAE04EC0-301F-11D3-BF4B-00C04F79EFBC}") = "ConvertArrayElementType", "ConvertArrayElementType\ConvertArrayElementType\ConvertArrayElementType.csproj", "{61CA9035-E299-44FA-986C-2018CF5D1E3D}"
EndProject
Project("{FAE04EC0-301F-11D3-BF4B-00C04F79EFBC}") = "InnerClassExample", "InnerClassExample\InnerClassExample\InnerClassExample.csproj", "{FE424B37-D7A2-4FE3-A754-3438926DBBD1}"
EndProject
Project("{FAE04EC0-301F-11D3-BF4B-00C04F79EFBC}") = "LinkListExample", "LinkListExample\LinkListExample\LinkListExample.csproj", "{5BD44C53-BC18-4857-B04F-E4475F677BBF}"
EndProject
Project("{FAE04EC0-301F-11D3-BF4B-00C04F79EFBC}") = "ObjectComparer", "ObjectComparer\ObjectComparer\ObjectComparer.csproj", "{70C06EBB-B3F8-4458-A456-EDD0CC6306E9}"
EndProject
Project("{FAE04EC0-301F-11D3-BF4B-00C04F79EFBC}") = "ObjectEmbodied", "ObjectEmbodied\ObjectEmbodied.csproj", "{106FF7A6-239D-4A99-8190-683A03681D8D}"
EndProject
Project("{FAE04EC0-301F-11D3-BF4B-00C04F79EFBC}") = "SortObjectArray", "SortObjectArray\SortObjectArray\SortObjectArray.csproj", "{329D8F0C-8119-4CE3-B9AB-51FCACE0E0BB}"
EndProject
Project("{FAE04EC0-301F-11D3-BF4B-00C04F79EFBC}") = "SortWithKeys", "SortWithKeys\SortWithKeys\SortWithKeys.csproj", "{55D5F684-12AD-4469-9223-8D0B1964F1E1}"
EndProject
Project("{FAE04EC0-301F-11D3-BF4B-00C04F79EFBC}") = "UIEmbedUseContentControl", "UIEmbedUseContentControl\UIEmbedUseContentControl\UIEmbedUseContentControl.csproj", "{650EAD34-EE51-46CE-9089-4C7BC6AF777E}"
EndProject
Project("{FAE04EC0-301F-11D3-BF4B-00C04F79EFBC}") = "UIEmbedUsePanel", "UIEmbedUsePanel\UIEmbedUsePanel\UIEmbedUsePanel.csproj", "{656FA0AE-E1B9-4C0D-A7A5-C1B9EC130431}"
EndProject
Project("{FAE04EC0-301F-11D3-BF4B-00C04F79EFBC}") = "WindowEmbedInWinForm", "WindowEmbedInWinForm\WindowEmbedInWinForm\WindowEmbedInWinForm.csproj", "{001AA352-8F86-442A-B264-C9A771D022B9}"
EndProject
Project("{2150E333-8FDC-42A3-9474-1A3956D46DE8}") = "8_泛型编程", "8_泛型编程", "{84ACAB43-FE5F-40DE-B1B3-164CB7537420}"
EndProject
Project("{FAE04EC0-301F-11D3-BF4B-00C04F79EFBC}") = "CSMaxMinValueForGP1", "CSMaxMinValueForGP1\CSMaxMinValueForGP1\CSMaxMinValueForGP1.csproj", "{C1C040C3-6FE5-41CA-BF05-704399072163}"
EndProject
Project("{FAE04EC0-301F-11D3-BF4B-00C04F79EFBC}") = "CSMaxMinValueForGP2", "CSMaxMinValueForGP2\CSMaxMinValueForGP2\CSMaxMinValueForGP2.csproj", "{50380624-EEF4-4994-A0F1-89982A1E40A3}"
EndProject
Project("{FAE04EC0-301F-11D3-BF4B-00C04F79EFBC}") = "MyFileBrowser", "MyFileBrowser\MyFileBrowser\MyFileBrowser.csproj", "{2B11403A-551F-45E5-A192-A12F01F9039E}"
EndProject
Project("{FAE04EC0-301F-11D3-BF4B-00C04F79EFBC}") = "UseGenericExampleForCS", "UseGenericExampleForCS\UseGenericExampleForCS\UseGenericExampleForCS.csproj", "{77890E98-1188-4FBE-9AC8-5DBEDFC59F81}"
EndProject
Project("{FAE04EC0-301F-11D3-BF4B-00C04F79EFBC}") = "UseListForCS1", "UseListForCS1\UseListForCS1\UseListForCS1.csproj", "{6D3DFA1C-F233-4498-9782-4D9E2661571E}"
EndProject
Project("{FAE04EC0-301F-11D3-BF4B-00C04F79EFBC}") = "UseListForCS2", "UseListForCS2\UseListForCS2\UseListForCS2.csproj", "{2FC57CFC-4F63-4260-8102-FB71C4DB26B5}"
EndProject
Project("{FAE04EC0-301F-11D3-BF4B-00C04F79EFBC}") = "UseListForCS3", "UseListForCS3\UseListForCS3\UseListForCS3.csproj", "{A8E45D19-7BF2-4C6A-87F4-885CED21B2F0}"
EndProject
Project("{FAE04EC0-301F-11D3-BF4B-00C04F79EFBC}") = "UseListForCS4", "UseListForCS4\UseListForCS4\UseListForCS4.csproj", "{6ABEC4DA-4B82-499D-8206-C5A77B9FD68C}"
EndProject
Project("{2150E333-8FDC-42A3-9474-1A3956D46DE8}") = "9_对象间的协作与信息交换", "9_对象间的协作与信息交换", "{04FD92A5-3B48-48BF-B931-A622625A7A60}"
EndProject
Global
	GlobalSection(SolutionConfigurationPlatforms) = preSolution
		Debug|Any CPU = Debug|Any CPU
		Debug|Mixed Platforms = Debug|Mixed Platforms
		Debug|x86 = Debug|x86
		Release|Any CPU = Release|Any CPU
		Release|Mixed Platforms = Release|Mixed Platforms
		Release|x86 = Release|x86
	EndGlobalSection
	GlobalSection(ProjectConfigurationPlatforms) = postSolution
		{4CB9C704-6C30-4D99-B12F-F6F481F556D4}.Debug|Any CPU.ActiveCfg = Debug|Any CPU
		{4CB9C704-6C30-4D99-B12F-F6F481F556D4}.Debug|Any CPU.Build.0 = Debug|Any CPU
		{4CB9C704-6C30-4D99-B12F-F6F481F556D4}.Debug|Mixed Platforms.ActiveCfg = Debug|Any CPU
		{4CB9C704-6C30-4D99-B12F-F6F481F556D4}.Debug|Mixed Platforms.Build.0 = Debug|Any CPU
		{4CB9C704-6C30-4D99-B12F-F6F481F556D4}.Debug|x86.ActiveCfg = Debug|Any CPU
		{4CB9C704-6C30-4D99-B12F-F6F481F556D4}.Release|Any CPU.ActiveCfg = Release|Any CPU
		{4CB9C704-6C30-4D99-B12F-F6F481F556D4}.Release|Any CPU.Build.0 = Release|Any CPU
		{4CB9C704-6C30-4D99-B12F-F6F481F556D4}.Release|Mixed Platforms.ActiveCfg = Release|Any CPU
		{4CB9C704-6C30-4D99-B12F-F6F481F556D4}.Release|Mixed Platforms.Build.0 = Release|Any CPU
		{4CB9C704-6C30-4D99-B12F-F6F481F556D4}.Release|x86.ActiveCfg = Release|Any CPU
		{81358B51-102B-41CD-A97A-7225EE164A05}.Debug|Any CPU.ActiveCfg = Debug|Any CPU
		{81358B51-102B-41CD-A97A-7225EE164A05}.Debug|Any CPU.Build.0 = Debug|Any CPU
		{81358B51-102B-41CD-A97A-7225EE164A05}.Debug|Mixed Platforms.ActiveCfg = Debug|Any CPU
		{81358B51-102B-41CD-A97A-7225EE164A05}.Debug|Mixed Platforms.Build.0 = Debug|Any CPU
		{81358B51-102B-41CD-A97A-7225EE164A05}.Debug|x86.ActiveCfg = Debug|Any CPU
		{81358B51-102B-41CD-A97A-7225EE164A05}.Release|Any CPU.ActiveCfg = Release|Any CPU
		{81358B51-102B-41CD-A97A-7225EE164A05}.Release|Any CPU.Build.0 = Release|Any CPU
		{81358B51-102B-41CD-A97A-7225EE164A05}.Release|Mixed Platforms.ActiveCfg = Release|Any CPU
		{81358B51-102B-41CD-A97A-7225EE164A05}.Release|Mixed Platforms.Build.0 = Release|Any CPU
		{81358B51-102B-41CD-A97A-7225EE164A05}.Release|x86.ActiveCfg = Release|Any CPU
		{7565178B-C942-4A8B-BBDF-399153A0C22A}.Debug|Any CPU.ActiveCfg = Debug|Any CPU
		{7565178B-C942-4A8B-BBDF-399153A0C22A}.Debug|Any CPU.Build.0 = Debug|Any CPU
		{7565178B-C942-4A8B-BBDF-399153A0C22A}.Debug|Mixed Platforms.ActiveCfg = Debug|Any CPU
		{7565178B-C942-4A8B-BBDF-399153A0C22A}.Debug|Mixed Platforms.Build.0 = Debug|Any CPU
		{7565178B-C942-4A8B-BBDF-399153A0C22A}.Debug|x86.ActiveCfg = Debug|Any CPU
		{7565178B-C942-4A8B-BBDF-399153A0C22A}.Release|Any CPU.ActiveCfg = Release|Any CPU
		{7565178B-C942-4A8B-BBDF-399153A0C22A}.Release|Any CPU.Build.0 = Release|Any CPU
		{7565178B-C942-4A8B-BBDF-399153A0C22A}.Release|Mixed Platforms.ActiveCfg = Release|Any CPU
		{7565178B-C942-4A8B-BBDF-399153A0C22A}.Release|Mixed Platforms.Build.0 = Release|Any CPU
		{7565178B-C942-4A8B-BBDF-399153A0C22A}.Release|x86.ActiveCfg = Release|Any CPU
		{40477B32-19E6-49CB-844F-5D0FAAF6046D}.Debug|Any CPU.ActiveCfg = Debug|x86
		{40477B32-19E6-49CB-844F-5D0FAAF6046D}.Debug|Mixed Platforms.ActiveCfg = Debug|x86
		{40477B32-19E6-49CB-844F-5D0FAAF6046D}.Debug|Mixed Platforms.Build.0 = Debug|x86
		{40477B32-19E6-49CB-844F-5D0FAAF6046D}.Debug|x86.ActiveCfg = Debug|x86
		{40477B32-19E6-49CB-844F-5D0FAAF6046D}.Debug|x86.Build.0 = Debug|x86
		{40477B32-19E6-49CB-844F-5D0FAAF6046D}.Release|Any CPU.ActiveCfg = Release|x86
		{40477B32-19E6-49CB-844F-5D0FAAF6046D}.Release|Mixed Platforms.ActiveCfg = Release|x86
		{40477B32-19E6-49CB-844F-5D0FAAF6046D}.Release|Mixed Platforms.Build.0 = Release|x86
		{40477B32-19E6-49CB-844F-5D0FAAF6046D}.Release|x86.ActiveCfg = Release|x86
		{40477B32-19E6-49CB-844F-5D0FAAF6046D}.Release|x86.Build.0 = Release|x86
		{BFAC9627-91F3-48AA-BE08-23B37F488F43}.Debug|Any CPU.ActiveCfg = Debug|x86
		{BFAC9627-91F3-48AA-BE08-23B37F488F43}.Debug|Mixed Platforms.ActiveCfg = Debug|x86
		{BFAC9627-91F3-48AA-BE08-23B37F488F43}.Debug|Mixed Platforms.Build.0 = Debug|x86
		{BFAC9627-91F3-48AA-BE08-23B37F488F43}.Debug|x86.ActiveCfg = Debug|x86
		{BFAC9627-91F3-48AA-BE08-23B37F488F43}.Debug|x86.Build.0 = Debug|x86
		{BFAC9627-91F3-48AA-BE08-23B37F488F43}.Release|Any CPU.ActiveCfg = Release|x86
		{BFAC9627-91F3-48AA-BE08-23B37F488F43}.Release|Mixed Platforms.ActiveCfg = Release|x86
		{BFAC9627-91F3-48AA-BE08-23B37F488F43}.Release|Mixed Platforms.Build.0 = Release|x86
		{BFAC9627-91F3-48AA-BE08-23B37F488F43}.Release|x86.ActiveCfg = Release|x86
		{BFAC9627-91F3-48AA-BE08-23B37F488F43}.Release|x86.Build.0 = Release|x86
		{BA714133-9432-49F5-83AA-7A4B37EF8A82}.Debug|Any CPU.ActiveCfg = Debug|x86
		{BA714133-9432-49F5-83AA-7A4B37EF8A82}.Debug|Mixed Platforms.ActiveCfg = Debug|x86
		{BA714133-9432-49F5-83AA-7A4B37EF8A82}.Debug|Mixed Platforms.Build.0 = Debug|x86
		{BA714133-9432-49F5-83AA-7A4B37EF8A82}.Debug|x86.ActiveCfg = Debug|x86
		{BA714133-9432-49F5-83AA-7A4B37EF8A82}.Debug|x86.Build.0 = Debug|x86
		{BA714133-9432-49F5-83AA-7A4B37EF8A82}.Release|Any CPU.ActiveCfg = Release|x86
		{BA714133-9432-49F5-83AA-7A4B37EF8A82}.Release|Mixed Platforms.ActiveCfg = Release|x86
		{BA714133-9432-49F5-83AA-7A4B37EF8A82}.Release|Mixed Platforms.Build.0 = Release|x86
		{BA714133-9432-49F5-83AA-7A4B37EF8A82}.Release|x86.ActiveCfg = Release|x86
		{BA714133-9432-49F5-83AA-7A4B37EF8A82}.Release|x86.Build.0 = Release|x86
		{D528ED6C-FDFA-4E74-A9DC-1467C0A9AF31}.Debug|Any CPU.ActiveCfg = Debug|x86
		{D528ED6C-FDFA-4E74-A9DC-1467C0A9AF31}.Debug|Mixed Platforms.ActiveCfg = Debug|x86
		{D528ED6C-FDFA-4E74-A9DC-1467C0A9AF31}.Debug|Mixed Platforms.Build.0 = Debug|x86
		{D528ED6C-FDFA-4E74-A9DC-1467C0A9AF31}.Debug|x86.ActiveCfg = Debug|x86
		{D528ED6C-FDFA-4E74-A9DC-1467C0A9AF31}.Debug|x86.Build.0 = Debug|x86
		{D528ED6C-FDFA-4E74-A9DC-1467C0A9AF31}.Release|Any CPU.ActiveCfg = Release|x86
		{D528ED6C-FDFA-4E74-A9DC-1467C0A9AF31}.Release|Mixed Platforms.ActiveCfg = Release|x86
		{D528ED6C-FDFA-4E74-A9DC-1467C0A9AF31}.Release|Mixed Platforms.Build.0 = Release|x86
		{D528ED6C-FDFA-4E74-A9DC-1467C0A9AF31}.Release|x86.ActiveCfg = Release|x86
		{D528ED6C-FDFA-4E74-A9DC-1467C0A9AF31}.Release|x86.Build.0 = Release|x86
		{DFD8E848-245F-435F-9F76-32B1FC9538E1}.Debug|Any CPU.ActiveCfg = Debug|x86
		{DFD8E848-245F-435F-9F76-32B1FC9538E1}.Debug|Mixed Platforms.ActiveCfg = Debug|x86
		{DFD8E848-245F-435F-9F76-32B1FC9538E1}.Debug|Mixed Platforms.Build.0 = Debug|x86
		{DFD8E848-245F-435F-9F76-32B1FC9538E1}.Debug|x86.ActiveCfg = Debug|x86
		{DFD8E848-245F-435F-9F76-32B1FC9538E1}.Debug|x86.Build.0 = Debug|x86
		{DFD8E848-245F-435F-9F76-32B1FC9538E1}.Release|Any CPU.ActiveCfg = Release|x86
		{DFD8E848-245F-435F-9F76-32B1FC9538E1}.Release|Mixed Platforms.ActiveCfg = Release|x86
		{DFD8E848-245F-435F-9F76-32B1FC9538E1}.Release|Mixed Platforms.Build.0 = Release|x86
		{DFD8E848-245F-435F-9F76-32B1FC9538E1}.Release|x86.ActiveCfg = Release|x86
		{DFD8E848-245F-435F-9F76-32B1FC9538E1}.Release|x86.Build.0 = Release|x86
		{CF83D3C7-9E42-4F0A-8135-E7886335C35E}.Debug|Any CPU.ActiveCfg = Debug|x86
		{CF83D3C7-9E42-4F0A-8135-E7886335C35E}.Debug|Mixed Platforms.ActiveCfg = Debug|x86
		{CF83D3C7-9E42-4F0A-8135-E7886335C35E}.Debug|Mixed Platforms.Build.0 = Debug|x86
		{CF83D3C7-9E42-4F0A-8135-E7886335C35E}.Debug|x86.ActiveCfg = Debug|x86
		{CF83D3C7-9E42-4F0A-8135-E7886335C35E}.Debug|x86.Build.0 = Debug|x86
		{CF83D3C7-9E42-4F0A-8135-E7886335C35E}.Release|Any CPU.ActiveCfg = Release|x86
		{CF83D3C7-9E42-4F0A-8135-E7886335C35E}.Release|Mixed Platforms.ActiveCfg = Release|x86
		{CF83D3C7-9E42-4F0A-8135-E7886335C35E}.Release|Mixed Platforms.Build.0 = Release|x86
		{CF83D3C7-9E42-4F0A-8135-E7886335C35E}.Release|x86.ActiveCfg = Release|x86
		{CF83D3C7-9E42-4F0A-8135-E7886335C35E}.Release|x86.Build.0 = Release|x86
		{1F91F9A3-F3D2-48F8-BA96-22F52E1E8277}.Debug|Any CPU.ActiveCfg = Debug|Any CPU
		{1F91F9A3-F3D2-48F8-BA96-22F52E1E8277}.Debug|Any CPU.Build.0 = Debug|Any CPU
		{1F91F9A3-F3D2-48F8-BA96-22F52E1E8277}.Debug|Mixed Platforms.ActiveCfg = Debug|Any CPU
		{1F91F9A3-F3D2-48F8-BA96-22F52E1E8277}.Debug|Mixed Platforms.Build.0 = Debug|Any CPU
		{1F91F9A3-F3D2-48F8-BA96-22F52E1E8277}.Debug|x86.ActiveCfg = Debug|Any CPU
		{1F91F9A3-F3D2-48F8-BA96-22F52E1E8277}.Release|Any CPU.ActiveCfg = Release|Any CPU
		{1F91F9A3-F3D2-48F8-BA96-22F52E1E8277}.Release|Any CPU.Build.0 = Release|Any CPU
		{1F91F9A3-F3D2-48F8-BA96-22F52E1E8277}.Release|Mixed Platforms.ActiveCfg = Release|Any CPU
		{1F91F9A3-F3D2-48F8-BA96-22F52E1E8277}.Release|Mixed Platforms.Build.0 = Release|Any CPU
		{1F91F9A3-F3D2-48F8-BA96-22F52E1E8277}.Release|x86.ActiveCfg = Release|Any CPU
		{55A7401B-2DDF-44BC-B5C7-71D84C276BE0}.Debug|Any CPU.ActiveCfg = Debug|Any CPU
		{55A7401B-2DDF-44BC-B5C7-71D84C276BE0}.Debug|Any CPU.Build.0 = Debug|Any CPU
		{55A7401B-2DDF-44BC-B5C7-71D84C276BE0}.Debug|Mixed Platforms.ActiveCfg = Debug|Any CPU
		{55A7401B-2DDF-44BC-B5C7-71D84C276BE0}.Debug|Mixed Platforms.Build.0 = Debug|Any CPU
		{55A7401B-2DDF-44BC-B5C7-71D84C276BE0}.Debug|x86.ActiveCfg = Debug|Any CPU
		{55A7401B-2DDF-44BC-B5C7-71D84C276BE0}.Release|Any CPU.ActiveCfg = Release|Any CPU
		{55A7401B-2DDF-44BC-B5C7-71D84C276BE0}.Release|Any CPU.Build.0 = Release|Any CPU
		{55A7401B-2DDF-44BC-B5C7-71D84C276BE0}.Release|Mixed Platforms.ActiveCfg = Release|Any CPU
		{55A7401B-2DDF-44BC-B5C7-71D84C276BE0}.Release|Mixed Platforms.Build.0 = Release|Any CPU
		{55A7401B-2DDF-44BC-B5C7-71D84C276BE0}.Release|x86.ActiveCfg = Release|Any CPU
		{670BDD15-FB84-45AC-B440-F8DEDA78B5D4}.Debug|Any CPU.ActiveCfg = Debug|x86
		{670BDD15-FB84-45AC-B440-F8DEDA78B5D4}.Debug|Mixed Platforms.ActiveCfg = Debug|x86
		{670BDD15-FB84-45AC-B440-F8DEDA78B5D4}.Debug|Mixed Platforms.Build.0 = Debug|x86
		{670BDD15-FB84-45AC-B440-F8DEDA78B5D4}.Debug|x86.ActiveCfg = Debug|x86
		{670BDD15-FB84-45AC-B440-F8DEDA78B5D4}.Debug|x86.Build.0 = Debug|x86
		{670BDD15-FB84-45AC-B440-F8DEDA78B5D4}.Release|Any CPU.ActiveCfg = Release|x86
		{670BDD15-FB84-45AC-B440-F8DEDA78B5D4}.Release|Mixed Platforms.ActiveCfg = Release|x86
		{670BDD15-FB84-45AC-B440-F8DEDA78B5D4}.Release|Mixed Platforms.Build.0 = Release|x86
		{670BDD15-FB84-45AC-B440-F8DEDA78B5D4}.Release|x86.ActiveCfg = Release|x86
		{670BDD15-FB84-45AC-B440-F8DEDA78B5D4}.Release|x86.Build.0 = Release|x86
		{B6DAB5E7-4AC6-4A4C-AEC5-8C465D5F28C0}.Debug|Any CPU.ActiveCfg = Debug|x86
		{B6DAB5E7-4AC6-4A4C-AEC5-8C465D5F28C0}.Debug|Mixed Platforms.ActiveCfg = Debug|x86
		{B6DAB5E7-4AC6-4A4C-AEC5-8C465D5F28C0}.Debug|Mixed Platforms.Build.0 = Debug|x86
		{B6DAB5E7-4AC6-4A4C-AEC5-8C465D5F28C0}.Debug|x86.ActiveCfg = Debug|x86
		{B6DAB5E7-4AC6-4A4C-AEC5-8C465D5F28C0}.Debug|x86.Build.0 = Debug|x86
		{B6DAB5E7-4AC6-4A4C-AEC5-8C465D5F28C0}.Release|Any CPU.ActiveCfg = Release|x86
		{B6DAB5E7-4AC6-4A4C-AEC5-8C465D5F28C0}.Release|Mixed Platforms.ActiveCfg = Release|x86
		{B6DAB5E7-4AC6-4A4C-AEC5-8C465D5F28C0}.Release|Mixed Platforms.Build.0 = Release|x86
		{B6DAB5E7-4AC6-4A4C-AEC5-8C465D5F28C0}.Release|x86.ActiveCfg = Release|x86
		{B6DAB5E7-4AC6-4A4C-AEC5-8C465D5F28C0}.Release|x86.Build.0 = Release|x86
		{27B0F300-6DFD-46EF-8998-F4E5737CF2E8}.Debug|Any CPU.ActiveCfg = Debug|Any CPU
		{27B0F300-6DFD-46EF-8998-F4E5737CF2E8}.Debug|Any CPU.Build.0 = Debug|Any CPU
		{27B0F300-6DFD-46EF-8998-F4E5737CF2E8}.Debug|Mixed Platforms.ActiveCfg = Debug|Any CPU
		{27B0F300-6DFD-46EF-8998-F4E5737CF2E8}.Debug|Mixed Platforms.Build.0 = Debug|Any CPU
		{27B0F300-6DFD-46EF-8998-F4E5737CF2E8}.Debug|x86.ActiveCfg = Debug|Any CPU
		{27B0F300-6DFD-46EF-8998-F4E5737CF2E8}.Release|Any CPU.ActiveCfg = Release|Any CPU
		{27B0F300-6DFD-46EF-8998-F4E5737CF2E8}.Release|Any CPU.Build.0 = Release|Any CPU
		{27B0F300-6DFD-46EF-8998-F4E5737CF2E8}.Release|Mixed Platforms.ActiveCfg = Release|Any CPU
		{27B0F300-6DFD-46EF-8998-F4E5737CF2E8}.Release|Mixed Platforms.Build.0 = Release|Any CPU
		{27B0F300-6DFD-46EF-8998-F4E5737CF2E8}.Release|x86.ActiveCfg = Release|Any CPU
		{ECAC4B9F-8A44-42D6-BC53-D6EC02806BF0}.Debug|Any CPU.ActiveCfg = Debug|Any CPU
		{ECAC4B9F-8A44-42D6-BC53-D6EC02806BF0}.Debug|Any CPU.Build.0 = Debug|Any CPU
		{ECAC4B9F-8A44-42D6-BC53-D6EC02806BF0}.Debug|Mixed Platforms.ActiveCfg = Debug|Any CPU
		{ECAC4B9F-8A44-42D6-BC53-D6EC02806BF0}.Debug|Mixed Platforms.Build.0 = Debug|Any CPU
		{ECAC4B9F-8A44-42D6-BC53-D6EC02806BF0}.Debug|x86.ActiveCfg = Debug|Any CPU
		{ECAC4B9F-8A44-42D6-BC53-D6EC02806BF0}.Release|Any CPU.ActiveCfg = Release|Any CPU
		{ECAC4B9F-8A44-42D6-BC53-D6EC02806BF0}.Release|Any CPU.Build.0 = Release|Any CPU
		{ECAC4B9F-8A44-42D6-BC53-D6EC02806BF0}.Release|Mixed Platforms.ActiveCfg = Release|Any CPU
		{ECAC4B9F-8A44-42D6-BC53-D6EC02806BF0}.Release|Mixed Platforms.Build.0 = Release|Any CPU
		{ECAC4B9F-8A44-42D6-BC53-D6EC02806BF0}.Release|x86.ActiveCfg = Release|Any CPU
		{07A17ADE-E535-4948-8F27-FCF69725586B}.Debug|Any CPU.ActiveCfg = Debug|Any CPU
		{07A17ADE-E535-4948-8F27-FCF69725586B}.Debug|Any CPU.Build.0 = Debug|Any CPU
		{07A17ADE-E535-4948-8F27-FCF69725586B}.Debug|Mixed Platforms.ActiveCfg = Debug|Any CPU
		{07A17ADE-E535-4948-8F27-FCF69725586B}.Debug|Mixed Platforms.Build.0 = Debug|Any CPU
		{07A17ADE-E535-4948-8F27-FCF69725586B}.Debug|x86.ActiveCfg = Debug|Any CPU
		{07A17ADE-E535-4948-8F27-FCF69725586B}.Release|Any CPU.ActiveCfg = Release|Any CPU
		{07A17ADE-E535-4948-8F27-FCF69725586B}.Release|Any CPU.Build.0 = Release|Any CPU
		{07A17ADE-E535-4948-8F27-FCF69725586B}.Release|Mixed Platforms.ActiveCfg = Release|Any CPU
		{07A17ADE-E535-4948-8F27-FCF69725586B}.Release|Mixed Platforms.Build.0 = Release|Any CPU
		{07A17ADE-E535-4948-8F27-FCF69725586B}.Release|x86.ActiveCfg = Release|Any CPU
		{0B8AECF1-8312-4D24-9894-B8363835E41B}.Debug|Any CPU.ActiveCfg = Debug|Any CPU
		{0B8AECF1-8312-4D24-9894-B8363835E41B}.Debug|Any CPU.Build.0 = Debug|Any CPU
		{0B8AECF1-8312-4D24-9894-B8363835E41B}.Debug|Mixed Platforms.ActiveCfg = Debug|Any CPU
		{0B8AECF1-8312-4D24-9894-B8363835E41B}.Debug|Mixed Platforms.Build.0 = Debug|Any CPU
		{0B8AECF1-8312-4D24-9894-B8363835E41B}.Debug|x86.ActiveCfg = Debug|Any CPU
		{0B8AECF1-8312-4D24-9894-B8363835E41B}.Release|Any CPU.ActiveCfg = Release|Any CPU
		{0B8AECF1-8312-4D24-9894-B8363835E41B}.Release|Any CPU.Build.0 = Release|Any CPU
		{0B8AECF1-8312-4D24-9894-B8363835E41B}.Release|Mixed Platforms.ActiveCfg = Release|Any CPU
		{0B8AECF1-8312-4D24-9894-B8363835E41B}.Release|Mixed Platforms.Build.0 = Release|Any CPU
		{0B8AECF1-8312-4D24-9894-B8363835E41B}.Release|x86.ActiveCfg = Release|Any CPU
		{182C7166-E4A0-402D-9F42-9A83AFD08644}.Debug|Any CPU.ActiveCfg = Debug|Any CPU
		{182C7166-E4A0-402D-9F42-9A83AFD08644}.Debug|Any CPU.Build.0 = Debug|Any CPU
		{182C7166-E4A0-402D-9F42-9A83AFD08644}.Debug|Mixed Platforms.ActiveCfg = Debug|Any CPU
		{182C7166-E4A0-402D-9F42-9A83AFD08644}.Debug|Mixed Platforms.Build.0 = Debug|Any CPU
		{182C7166-E4A0-402D-9F42-9A83AFD08644}.Debug|x86.ActiveCfg = Debug|Any CPU
		{182C7166-E4A0-402D-9F42-9A83AFD08644}.Release|Any CPU.ActiveCfg = Release|Any CPU
		{182C7166-E4A0-402D-9F42-9A83AFD08644}.Release|Any CPU.Build.0 = Release|Any CPU
		{182C7166-E4A0-402D-9F42-9A83AFD08644}.Release|Mixed Platforms.ActiveCfg = Release|Any CPU
		{182C7166-E4A0-402D-9F42-9A83AFD08644}.Release|Mixed Platforms.Build.0 = Release|Any CPU
		{182C7166-E4A0-402D-9F42-9A83AFD08644}.Release|x86.ActiveCfg = Release|Any CPU
		{3446F26D-DC05-4F00-BEA3-3BBD4575BA4B}.Debug|Any CPU.ActiveCfg = Debug|Any CPU
		{3446F26D-DC05-4F00-BEA3-3BBD4575BA4B}.Debug|Any CPU.Build.0 = Debug|Any CPU
		{3446F26D-DC05-4F00-BEA3-3BBD4575BA4B}.Debug|Mixed Platforms.ActiveCfg = Debug|Any CPU
		{3446F26D-DC05-4F00-BEA3-3BBD4575BA4B}.Debug|Mixed Platforms.Build.0 = Debug|Any CPU
		{3446F26D-DC05-4F00-BEA3-3BBD4575BA4B}.Debug|x86.ActiveCfg = Debug|Any CPU
		{3446F26D-DC05-4F00-BEA3-3BBD4575BA4B}.Release|Any CPU.ActiveCfg = Release|Any CPU
		{3446F26D-DC05-4F00-BEA3-3BBD4575BA4B}.Release|Any CPU.Build.0 = Release|Any CPU
		{3446F26D-DC05-4F00-BEA3-3BBD4575BA4B}.Release|Mixed Platforms.ActiveCfg = Release|Any CPU
		{3446F26D-DC05-4F00-BEA3-3BBD4575BA4B}.Release|Mixed Platforms.Build.0 = Release|Any CPU
		{3446F26D-DC05-4F00-BEA3-3BBD4575BA4B}.Release|x86.ActiveCfg = Release|Any CPU
		{1AB203B7-D7BE-4D26-80F1-9729C5238757}.Debug|Any CPU.ActiveCfg = Debug|Any CPU
		{1AB203B7-D7BE-4D26-80F1-9729C5238757}.Debug|Any CPU.Build.0 = Debug|Any CPU
		{1AB203B7-D7BE-4D26-80F1-9729C5238757}.Debug|Mixed Platforms.ActiveCfg = Debug|Any CPU
		{1AB203B7-D7BE-4D26-80F1-9729C5238757}.Debug|Mixed Platforms.Build.0 = Debug|Any CPU
		{1AB203B7-D7BE-4D26-80F1-9729C5238757}.Debug|x86.ActiveCfg = Debug|Any CPU
		{1AB203B7-D7BE-4D26-80F1-9729C5238757}.Release|Any CPU.ActiveCfg = Release|Any CPU
		{1AB203B7-D7BE-4D26-80F1-9729C5238757}.Release|Any CPU.Build.0 = Release|Any CPU
		{1AB203B7-D7BE-4D26-80F1-9729C5238757}.Release|Mixed Platforms.ActiveCfg = Release|Any CPU
		{1AB203B7-D7BE-4D26-80F1-9729C5238757}.Release|Mixed Platforms.Build.0 = Release|Any CPU
		{1AB203B7-D7BE-4D26-80F1-9729C5238757}.Release|x86.ActiveCfg = Release|Any CPU
		{2BDE4EF4-0F08-4719-99F0-B6FF89D3EC86}.Debug|Any CPU.ActiveCfg = Debug|Any CPU
		{2BDE4EF4-0F08-4719-99F0-B6FF89D3EC86}.Debug|Any CPU.Build.0 = Debug|Any CPU
		{2BDE4EF4-0F08-4719-99F0-B6FF89D3EC86}.Debug|Mixed Platforms.ActiveCfg = Debug|Any CPU
		{2BDE4EF4-0F08-4719-99F0-B6FF89D3EC86}.Debug|Mixed Platforms.Build.0 = Debug|Any CPU
		{2BDE4EF4-0F08-4719-99F0-B6FF89D3EC86}.Debug|x86.ActiveCfg = Debug|Any CPU
		{2BDE4EF4-0F08-4719-99F0-B6FF89D3EC86}.Release|Any CPU.ActiveCfg = Release|Any CPU
		{2BDE4EF4-0F08-4719-99F0-B6FF89D3EC86}.Release|Any CPU.Build.0 = Release|Any CPU
		{2BDE4EF4-0F08-4719-99F0-B6FF89D3EC86}.Release|Mixed Platforms.ActiveCfg = Release|Any CPU
		{2BDE4EF4-0F08-4719-99F0-B6FF89D3EC86}.Release|Mixed Platforms.Build.0 = Release|Any CPU
		{2BDE4EF4-0F08-4719-99F0-B6FF89D3EC86}.Release|x86.ActiveCfg = Release|Any CPU
		{92277451-DE83-4AA7-BBA0-AB07A31F0364}.Debug|Any CPU.ActiveCfg = Debug|Any CPU
		{92277451-DE83-4AA7-BBA0-AB07A31F0364}.Debug|Any CPU.Build.0 = Debug|Any CPU
		{92277451-DE83-4AA7-BBA0-AB07A31F0364}.Debug|Mixed Platforms.ActiveCfg = Debug|Any CPU
		{92277451-DE83-4AA7-BBA0-AB07A31F0364}.Debug|Mixed Platforms.Build.0 = Debug|Any CPU
		{92277451-DE83-4AA7-BBA0-AB07A31F0364}.Debug|x86.ActiveCfg = Debug|Any CPU
		{92277451-DE83-4AA7-BBA0-AB07A31F0364}.Release|Any CPU.ActiveCfg = Release|Any CPU
		{92277451-DE83-4AA7-BBA0-AB07A31F0364}.Release|Any CPU.Build.0 = Release|Any CPU
		{92277451-DE83-4AA7-BBA0-AB07A31F0364}.Release|Mixed Platforms.ActiveCfg = Release|Any CPU
		{92277451-DE83-4AA7-BBA0-AB07A31F0364}.Release|Mixed Platforms.Build.0 = Release|Any CPU
		{92277451-DE83-4AA7-BBA0-AB07A31F0364}.Release|x86.ActiveCfg = Release|Any CPU
		{6D84E395-228F-4419-99B7-4CB54D5084CF}.Debug|Any CPU.ActiveCfg = Debug|Any CPU
		{6D84E395-228F-4419-99B7-4CB54D5084CF}.Debug|Any CPU.Build.0 = Debug|Any CPU
		{6D84E395-228F-4419-99B7-4CB54D5084CF}.Debug|Mixed Platforms.ActiveCfg = Debug|Any CPU
		{6D84E395-228F-4419-99B7-4CB54D5084CF}.Debug|Mixed Platforms.Build.0 = Debug|Any CPU
		{6D84E395-228F-4419-99B7-4CB54D5084CF}.Debug|x86.ActiveCfg = Debug|Any CPU
		{6D84E395-228F-4419-99B7-4CB54D5084CF}.Release|Any CPU.ActiveCfg = Release|Any CPU
		{6D84E395-228F-4419-99B7-4CB54D5084CF}.Release|Any CPU.Build.0 = Release|Any CPU
		{6D84E395-228F-4419-99B7-4CB54D5084CF}.Release|Mixed Platforms.ActiveCfg = Release|Any CPU
		{6D84E395-228F-4419-99B7-4CB54D5084CF}.Release|Mixed Platforms.Build.0 = Release|Any CPU
		{6D84E395-228F-4419-99B7-4CB54D5084CF}.Release|x86.ActiveCfg = Release|Any CPU
		{4B2BE5EF-1A72-45BC-9039-692FE617238E}.Debug|Any CPU.ActiveCfg = Debug|Any CPU
		{4B2BE5EF-1A72-45BC-9039-692FE617238E}.Debug|Any CPU.Build.0 = Debug|Any CPU
		{4B2BE5EF-1A72-45BC-9039-692FE617238E}.Debug|Mixed Platforms.ActiveCfg = Debug|Any CPU
		{4B2BE5EF-1A72-45BC-9039-692FE617238E}.Debug|Mixed Platforms.Build.0 = Debug|Any CPU
		{4B2BE5EF-1A72-45BC-9039-692FE617238E}.Debug|x86.ActiveCfg = Debug|Any CPU
		{4B2BE5EF-1A72-45BC-9039-692FE617238E}.Release|Any CPU.ActiveCfg = Release|Any CPU
		{4B2BE5EF-1A72-45BC-9039-692FE617238E}.Release|Any CPU.Build.0 = Release|Any CPU
		{4B2BE5EF-1A72-45BC-9039-692FE617238E}.Release|Mixed Platforms.ActiveCfg = Release|Any CPU
		{4B2BE5EF-1A72-45BC-9039-692FE617238E}.Release|Mixed Platforms.Build.0 = Release|Any CPU
		{4B2BE5EF-1A72-45BC-9039-692FE617238E}.Release|x86.ActiveCfg = Release|Any CPU
		{7BCDD23D-6FED-4F5C-A361-1A80C520278D}.Debug|Any CPU.ActiveCfg = Debug|Any CPU
		{7BCDD23D-6FED-4F5C-A361-1A80C520278D}.Debug|Any CPU.Build.0 = Debug|Any CPU
		{7BCDD23D-6FED-4F5C-A361-1A80C520278D}.Debug|Mixed Platforms.ActiveCfg = Debug|Any CPU
		{7BCDD23D-6FED-4F5C-A361-1A80C520278D}.Debug|Mixed Platforms.Build.0 = Debug|Any CPU
		{7BCDD23D-6FED-4F5C-A361-1A80C520278D}.Debug|x86.ActiveCfg = Debug|Any CPU
		{7BCDD23D-6FED-4F5C-A361-1A80C520278D}.Release|Any CPU.ActiveCfg = Release|Any CPU
		{7BCDD23D-6FED-4F5C-A361-1A80C520278D}.Release|Any CPU.Build.0 = Release|Any CPU
		{7BCDD23D-6FED-4F5C-A361-1A80C520278D}.Release|Mixed Platforms.ActiveCfg = Release|Any CPU
		{7BCDD23D-6FED-4F5C-A361-1A80C520278D}.Release|Mixed Platforms.Build.0 = Release|Any CPU
		{7BCDD23D-6FED-4F5C-A361-1A80C520278D}.Release|x86.ActiveCfg = Release|Any CPU
		{0BDF9241-7B8C-42B7-ADC1-4CDB82120D03}.Debug|Any CPU.ActiveCfg = Debug|Any CPU
		{0BDF9241-7B8C-42B7-ADC1-4CDB82120D03}.Debug|Any CPU.Build.0 = Debug|Any CPU
		{0BDF9241-7B8C-42B7-ADC1-4CDB82120D03}.Debug|Mixed Platforms.ActiveCfg = Debug|Any CPU
		{0BDF9241-7B8C-42B7-ADC1-4CDB82120D03}.Debug|Mixed Platforms.Build.0 = Debug|Any CPU
		{0BDF9241-7B8C-42B7-ADC1-4CDB82120D03}.Debug|x86.ActiveCfg = Debug|Any CPU
		{0BDF9241-7B8C-42B7-ADC1-4CDB82120D03}.Release|Any CPU.ActiveCfg = Release|Any CPU
		{0BDF9241-7B8C-42B7-ADC1-4CDB82120D03}.Release|Any CPU.Build.0 = Release|Any CPU
		{0BDF9241-7B8C-42B7-ADC1-4CDB82120D03}.Release|Mixed Platforms.ActiveCfg = Release|Any CPU
		{0BDF9241-7B8C-42B7-ADC1-4CDB82120D03}.Release|Mixed Platforms.Build.0 = Release|Any CPU
		{0BDF9241-7B8C-42B7-ADC1-4CDB82120D03}.Release|x86.ActiveCfg = Release|Any CPU
		{1C93B9D2-1597-43CA-90E2-F07D373E915E}.Debug|Any CPU.ActiveCfg = Debug|Any CPU
		{1C93B9D2-1597-43CA-90E2-F07D373E915E}.Debug|Any CPU.Build.0 = Debug|Any CPU
		{1C93B9D2-1597-43CA-90E2-F07D373E915E}.Debug|Mixed Platforms.ActiveCfg = Debug|Any CPU
		{1C93B9D2-1597-43CA-90E2-F07D373E915E}.Debug|Mixed Platforms.Build.0 = Debug|Any CPU
		{1C93B9D2-1597-43CA-90E2-F07D373E915E}.Debug|x86.ActiveCfg = Debug|Any CPU
		{1C93B9D2-1597-43CA-90E2-F07D373E915E}.Release|Any CPU.ActiveCfg = Release|Any CPU
		{1C93B9D2-1597-43CA-90E2-F07D373E915E}.Release|Any CPU.Build.0 = Release|Any CPU
		{1C93B9D2-1597-43CA-90E2-F07D373E915E}.Release|Mixed Platforms.ActiveCfg = Release|Any CPU
		{1C93B9D2-1597-43CA-90E2-F07D373E915E}.Release|Mixed Platforms.Build.0 = Release|Any CPU
		{1C93B9D2-1597-43CA-90E2-F07D373E915E}.Release|x86.ActiveCfg = Release|Any CPU
		{25DB5CA2-80C0-4BAE-ADAC-019128F6906C}.Debug|Any CPU.ActiveCfg = Debug|Any CPU
		{25DB5CA2-80C0-4BAE-ADAC-019128F6906C}.Debug|Any CPU.Build.0 = Debug|Any CPU
		{25DB5CA2-80C0-4BAE-ADAC-019128F6906C}.Debug|Mixed Platforms.ActiveCfg = Debug|Any CPU
		{25DB5CA2-80C0-4BAE-ADAC-019128F6906C}.Debug|Mixed Platforms.Build.0 = Debug|Any CPU
		{25DB5CA2-80C0-4BAE-ADAC-019128F6906C}.Debug|x86.ActiveCfg = Debug|Any CPU
		{25DB5CA2-80C0-4BAE-ADAC-019128F6906C}.Release|Any CPU.ActiveCfg = Release|Any CPU
		{25DB5CA2-80C0-4BAE-ADAC-019128F6906C}.Release|Any CPU.Build.0 = Release|Any CPU
		{25DB5CA2-80C0-4BAE-ADAC-019128F6906C}.Release|Mixed Platforms.ActiveCfg = Release|Any CPU
		{25DB5CA2-80C0-4BAE-ADAC-019128F6906C}.Release|Mixed Platforms.Build.0 = Release|Any CPU
		{25DB5CA2-80C0-4BAE-ADAC-019128F6906C}.Release|x86.ActiveCfg = Release|Any CPU
		{B3D91BE7-274A-49D2-A7B1-573E053D6CA1}.Debug|Any CPU.ActiveCfg = Debug|Any CPU
		{B3D91BE7-274A-49D2-A7B1-573E053D6CA1}.Debug|Any CPU.Build.0 = Debug|Any CPU
		{B3D91BE7-274A-49D2-A7B1-573E053D6CA1}.Debug|Mixed Platforms.ActiveCfg = Debug|Any CPU
		{B3D91BE7-274A-49D2-A7B1-573E053D6CA1}.Debug|Mixed Platforms.Build.0 = Debug|Any CPU
		{B3D91BE7-274A-49D2-A7B1-573E053D6CA1}.Debug|x86.ActiveCfg = Debug|Any CPU
		{B3D91BE7-274A-49D2-A7B1-573E053D6CA1}.Release|Any CPU.ActiveCfg = Release|Any CPU
		{B3D91BE7-274A-49D2-A7B1-573E053D6CA1}.Release|Any CPU.Build.0 = Release|Any CPU
		{B3D91BE7-274A-49D2-A7B1-573E053D6CA1}.Release|Mixed Platforms.ActiveCfg = Release|Any CPU
		{B3D91BE7-274A-49D2-A7B1-573E053D6CA1}.Release|Mixed Platforms.Build.0 = Release|Any CPU
		{B3D91BE7-274A-49D2-A7B1-573E053D6CA1}.Release|x86.ActiveCfg = Release|Any CPU
		{D8468008-9CDF-42DB-BEBA-6AB6A128CB99}.Debug|Any CPU.ActiveCfg = Debug|Any CPU
		{D8468008-9CDF-42DB-BEBA-6AB6A128CB99}.Debug|Any CPU.Build.0 = Debug|Any CPU
		{D8468008-9CDF-42DB-BEBA-6AB6A128CB99}.Debug|Mixed Platforms.ActiveCfg = Debug|Any CPU
		{D8468008-9CDF-42DB-BEBA-6AB6A128CB99}.Debug|Mixed Platforms.Build.0 = Debug|Any CPU
		{D8468008-9CDF-42DB-BEBA-6AB6A128CB99}.Debug|x86.ActiveCfg = Debug|Any CPU
		{D8468008-9CDF-42DB-BEBA-6AB6A128CB99}.Release|Any CPU.ActiveCfg = Release|Any CPU
		{D8468008-9CDF-42DB-BEBA-6AB6A128CB99}.Release|Any CPU.Build.0 = Release|Any CPU
		{D8468008-9CDF-42DB-BEBA-6AB6A128CB99}.Release|Mixed Platforms.ActiveCfg = Release|Any CPU
		{D8468008-9CDF-42DB-BEBA-6AB6A128CB99}.Release|Mixed Platforms.Build.0 = Release|Any CPU
		{D8468008-9CDF-42DB-BEBA-6AB6A128CB99}.Release|x86.ActiveCfg = Release|Any CPU
		{0A0E3590-AA38-4BFD-93EB-D6128ADA427D}.Debug|Any CPU.ActiveCfg = Debug|Any CPU
		{0A0E3590-AA38-4BFD-93EB-D6128ADA427D}.Debug|Any CPU.Build.0 = Debug|Any CPU
		{0A0E3590-AA38-4BFD-93EB-D6128ADA427D}.Debug|Mixed Platforms.ActiveCfg = Debug|Any CPU
		{0A0E3590-AA38-4BFD-93EB-D6128ADA427D}.Debug|Mixed Platforms.Build.0 = Debug|Any CPU
		{0A0E3590-AA38-4BFD-93EB-D6128ADA427D}.Debug|x86.ActiveCfg = Debug|Any CPU
		{0A0E3590-AA38-4BFD-93EB-D6128ADA427D}.Release|Any CPU.ActiveCfg = Release|Any CPU
		{0A0E3590-AA38-4BFD-93EB-D6128ADA427D}.Release|Any CPU.Build.0 = Release|Any CPU
		{0A0E3590-AA38-4BFD-93EB-D6128ADA427D}.Release|Mixed Platforms.ActiveCfg = Release|Any CPU
		{0A0E3590-AA38-4BFD-93EB-D6128ADA427D}.Release|Mixed Platforms.Build.0 = Release|Any CPU
		{0A0E3590-AA38-4BFD-93EB-D6128ADA427D}.Release|x86.ActiveCfg = Release|Any CPU
		{63A8411A-0904-43F4-94A2-BDEFB26DA460}.Debug|Any CPU.ActiveCfg = Debug|x86
		{63A8411A-0904-43F4-94A2-BDEFB26DA460}.Debug|Mixed Platforms.ActiveCfg = Debug|x86
		{63A8411A-0904-43F4-94A2-BDEFB26DA460}.Debug|Mixed Platforms.Build.0 = Debug|x86
		{63A8411A-0904-43F4-94A2-BDEFB26DA460}.Debug|x86.ActiveCfg = Debug|x86
		{63A8411A-0904-43F4-94A2-BDEFB26DA460}.Debug|x86.Build.0 = Debug|x86
		{63A8411A-0904-43F4-94A2-BDEFB26DA460}.Release|Any CPU.ActiveCfg = Release|x86
		{63A8411A-0904-43F4-94A2-BDEFB26DA460}.Release|Mixed Platforms.ActiveCfg = Release|x86
		{63A8411A-0904-43F4-94A2-BDEFB26DA460}.Release|Mixed Platforms.Build.0 = Release|x86
		{63A8411A-0904-43F4-94A2-BDEFB26DA460}.Release|x86.ActiveCfg = Release|x86
		{63A8411A-0904-43F4-94A2-BDEFB26DA460}.Release|x86.Build.0 = Release|x86
		{1BC1B82F-BB3D-4126-B9E9-4B22422F7556}.Debug|Any CPU.ActiveCfg = Debug|x86
		{1BC1B82F-BB3D-4126-B9E9-4B22422F7556}.Debug|Mixed Platforms.ActiveCfg = Debug|x86
		{1BC1B82F-BB3D-4126-B9E9-4B22422F7556}.Debug|Mixed Platforms.Build.0 = Debug|x86
		{1BC1B82F-BB3D-4126-B9E9-4B22422F7556}.Debug|x86.ActiveCfg = Debug|x86
		{1BC1B82F-BB3D-4126-B9E9-4B22422F7556}.Debug|x86.Build.0 = Debug|x86
		{1BC1B82F-BB3D-4126-B9E9-4B22422F7556}.Release|Any CPU.ActiveCfg = Release|x86
		{1BC1B82F-BB3D-4126-B9E9-4B22422F7556}.Release|Mixed Platforms.ActiveCfg = Release|x86
		{1BC1B82F-BB3D-4126-B9E9-4B22422F7556}.Release|Mixed Platforms.Build.0 = Release|x86
		{1BC1B82F-BB3D-4126-B9E9-4B22422F7556}.Release|x86.ActiveCfg = Release|x86
		{1BC1B82F-BB3D-4126-B9E9-4B22422F7556}.Release|x86.Build.0 = Release|x86
		{CC1778B6-86CD-43B6-968A-B1D373789788}.Debug|Any CPU.ActiveCfg = Debug|x86
		{CC1778B6-86CD-43B6-968A-B1D373789788}.Debug|Mixed Platforms.ActiveCfg = Debug|x86
		{CC1778B6-86CD-43B6-968A-B1D373789788}.Debug|Mixed Platforms.Build.0 = Debug|x86
		{CC1778B6-86CD-43B6-968A-B1D373789788}.Debug|x86.ActiveCfg = Debug|x86
		{CC1778B6-86CD-43B6-968A-B1D373789788}.Debug|x86.Build.0 = Debug|x86
		{CC1778B6-86CD-43B6-968A-B1D373789788}.Release|Any CPU.ActiveCfg = Release|x86
		{CC1778B6-86CD-43B6-968A-B1D373789788}.Release|Mixed Platforms.ActiveCfg = Release|x86
		{CC1778B6-86CD-43B6-968A-B1D373789788}.Release|Mixed Platforms.Build.0 = Release|x86
		{CC1778B6-86CD-43B6-968A-B1D373789788}.Release|x86.ActiveCfg = Release|x86
		{CC1778B6-86CD-43B6-968A-B1D373789788}.Release|x86.Build.0 = Release|x86
		{44DFA86E-4F21-4F2F-A4C2-BDF38F42A63D}.Debug|Any CPU.ActiveCfg = Debug|Any CPU
		{44DFA86E-4F21-4F2F-A4C2-BDF38F42A63D}.Debug|Any CPU.Build.0 = Debug|Any CPU
		{44DFA86E-4F21-4F2F-A4C2-BDF38F42A63D}.Debug|Mixed Platforms.ActiveCfg = Debug|Any CPU
		{44DFA86E-4F21-4F2F-A4C2-BDF38F42A63D}.Debug|Mixed Platforms.Build.0 = Debug|Any CPU
		{44DFA86E-4F21-4F2F-A4C2-BDF38F42A63D}.Debug|x86.ActiveCfg = Debug|Any CPU
		{44DFA86E-4F21-4F2F-A4C2-BDF38F42A63D}.Release|Any CPU.ActiveCfg = Release|Any CPU
		{44DFA86E-4F21-4F2F-A4C2-BDF38F42A63D}.Release|Any CPU.Build.0 = Release|Any CPU
		{44DFA86E-4F21-4F2F-A4C2-BDF38F42A63D}.Release|Mixed Platforms.ActiveCfg = Release|Any CPU
		{44DFA86E-4F21-4F2F-A4C2-BDF38F42A63D}.Release|Mixed Platforms.Build.0 = Release|Any CPU
		{44DFA86E-4F21-4F2F-A4C2-BDF38F42A63D}.Release|x86.ActiveCfg = Release|Any CPU
		{C9E7E37D-881F-484D-958B-50237D1E81F0}.Debug|Any CPU.ActiveCfg = Debug|x86
		{C9E7E37D-881F-484D-958B-50237D1E81F0}.Debug|Mixed Platforms.ActiveCfg = Debug|x86
		{C9E7E37D-881F-484D-958B-50237D1E81F0}.Debug|Mixed Platforms.Build.0 = Debug|x86
		{C9E7E37D-881F-484D-958B-50237D1E81F0}.Debug|x86.ActiveCfg = Debug|x86
		{C9E7E37D-881F-484D-958B-50237D1E81F0}.Debug|x86.Build.0 = Debug|x86
		{C9E7E37D-881F-484D-958B-50237D1E81F0}.Release|Any CPU.ActiveCfg = Release|x86
		{C9E7E37D-881F-484D-958B-50237D1E81F0}.Release|Mixed Platforms.ActiveCfg = Release|x86
		{C9E7E37D-881F-484D-958B-50237D1E81F0}.Release|Mixed Platforms.Build.0 = Release|x86
		{C9E7E37D-881F-484D-958B-50237D1E81F0}.Release|x86.ActiveCfg = Release|x86
		{C9E7E37D-881F-484D-958B-50237D1E81F0}.Release|x86.Build.0 = Release|x86
		{A21FE700-559D-47A5-8EDF-707D700A3D14}.Debug|Any CPU.ActiveCfg = Debug|Any CPU
		{A21FE700-559D-47A5-8EDF-707D700A3D14}.Debug|Any CPU.Build.0 = Debug|Any CPU
		{A21FE700-559D-47A5-8EDF-707D700A3D14}.Debug|Mixed Platforms.ActiveCfg = Debug|Any CPU
		{A21FE700-559D-47A5-8EDF-707D700A3D14}.Debug|Mixed Platforms.Build.0 = Debug|Any CPU
		{A21FE700-559D-47A5-8EDF-707D700A3D14}.Debug|x86.ActiveCfg = Debug|Any CPU
		{A21FE700-559D-47A5-8EDF-707D700A3D14}.Release|Any CPU.ActiveCfg = Release|Any CPU
		{A21FE700-559D-47A5-8EDF-707D700A3D14}.Release|Any CPU.Build.0 = Release|Any CPU
		{A21FE700-559D-47A5-8EDF-707D700A3D14}.Release|Mixed Platforms.ActiveCfg = Release|Any CPU
		{A21FE700-559D-47A5-8EDF-707D700A3D14}.Release|Mixed Platforms.Build.0 = Release|Any CPU
		{A21FE700-559D-47A5-8EDF-707D700A3D14}.Release|x86.ActiveCfg = Release|Any CPU
		{C4B82004-C6D8-4FDA-8A07-6A376C6E58A8}.Debug|Any CPU.ActiveCfg = Debug|x86
		{C4B82004-C6D8-4FDA-8A07-6A376C6E58A8}.Debug|Mixed Platforms.ActiveCfg = Debug|x86
		{C4B82004-C6D8-4FDA-8A07-6A376C6E58A8}.Debug|Mixed Platforms.Build.0 = Debug|x86
		{C4B82004-C6D8-4FDA-8A07-6A376C6E58A8}.Debug|x86.ActiveCfg = Debug|x86
		{C4B82004-C6D8-4FDA-8A07-6A376C6E58A8}.Debug|x86.Build.0 = Debug|x86
		{C4B82004-C6D8-4FDA-8A07-6A376C6E58A8}.Release|Any CPU.ActiveCfg = Release|x86
		{C4B82004-C6D8-4FDA-8A07-6A376C6E58A8}.Release|Mixed Platforms.ActiveCfg = Release|x86
		{C4B82004-C6D8-4FDA-8A07-6A376C6E58A8}.Release|Mixed Platforms.Build.0 = Release|x86
		{C4B82004-C6D8-4FDA-8A07-6A376C6E58A8}.Release|x86.ActiveCfg = Release|x86
		{C4B82004-C6D8-4FDA-8A07-6A376C6E58A8}.Release|x86.Build.0 = Release|x86
		{408CE59F-21CC-4A55-8487-1EC52C1D6A23}.Debug|Any CPU.ActiveCfg = Debug|Any CPU
		{408CE59F-21CC-4A55-8487-1EC52C1D6A23}.Debug|Any CPU.Build.0 = Debug|Any CPU
		{408CE59F-21CC-4A55-8487-1EC52C1D6A23}.Debug|Mixed Platforms.ActiveCfg = Debug|Any CPU
		{408CE59F-21CC-4A55-8487-1EC52C1D6A23}.Debug|Mixed Platforms.Build.0 = Debug|Any CPU
		{408CE59F-21CC-4A55-8487-1EC52C1D6A23}.Debug|x86.ActiveCfg = Debug|Any CPU
		{408CE59F-21CC-4A55-8487-1EC52C1D6A23}.Release|Any CPU.ActiveCfg = Release|Any CPU
		{408CE59F-21CC-4A55-8487-1EC52C1D6A23}.Release|Any CPU.Build.0 = Release|Any CPU
		{408CE59F-21CC-4A55-8487-1EC52C1D6A23}.Release|Mixed Platforms.ActiveCfg = Release|Any CPU
		{408CE59F-21CC-4A55-8487-1EC52C1D6A23}.Release|Mixed Platforms.Build.0 = Release|Any CPU
		{408CE59F-21CC-4A55-8487-1EC52C1D6A23}.Release|x86.ActiveCfg = Release|Any CPU
		{0513AB0E-8359-4AF9-B6A3-ED0644BAA42E}.Debug|Any CPU.ActiveCfg = Debug|Any CPU
		{0513AB0E-8359-4AF9-B6A3-ED0644BAA42E}.Debug|Any CPU.Build.0 = Debug|Any CPU
		{0513AB0E-8359-4AF9-B6A3-ED0644BAA42E}.Debug|Mixed Platforms.ActiveCfg = Debug|Any CPU
		{0513AB0E-8359-4AF9-B6A3-ED0644BAA42E}.Debug|Mixed Platforms.Build.0 = Debug|Any CPU
		{0513AB0E-8359-4AF9-B6A3-ED0644BAA42E}.Debug|x86.ActiveCfg = Debug|Any CPU
		{0513AB0E-8359-4AF9-B6A3-ED0644BAA42E}.Release|Any CPU.ActiveCfg = Release|Any CPU
		{0513AB0E-8359-4AF9-B6A3-ED0644BAA42E}.Release|Any CPU.Build.0 = Release|Any CPU
		{0513AB0E-8359-4AF9-B6A3-ED0644BAA42E}.Release|Mixed Platforms.ActiveCfg = Release|Any CPU
		{0513AB0E-8359-4AF9-B6A3-ED0644BAA42E}.Release|Mixed Platforms.Build.0 = Release|Any CPU
		{0513AB0E-8359-4AF9-B6A3-ED0644BAA42E}.Release|x86.ActiveCfg = Release|Any CPU
		{D00EC7F0-7DD1-47A9-B42B-3F402E5E26D6}.Debug|Any CPU.ActiveCfg = Debug|x86
		{D00EC7F0-7DD1-47A9-B42B-3F402E5E26D6}.Debug|Mixed Platforms.ActiveCfg = Debug|x86
		{D00EC7F0-7DD1-47A9-B42B-3F402E5E26D6}.Debug|Mixed Platforms.Build.0 = Debug|x86
		{D00EC7F0-7DD1-47A9-B42B-3F402E5E26D6}.Debug|x86.ActiveCfg = Debug|x86
		{D00EC7F0-7DD1-47A9-B42B-3F402E5E26D6}.Debug|x86.Build.0 = Debug|x86
		{D00EC7F0-7DD1-47A9-B42B-3F402E5E26D6}.Release|Any CPU.ActiveCfg = Release|x86
		{D00EC7F0-7DD1-47A9-B42B-3F402E5E26D6}.Release|Mixed Platforms.ActiveCfg = Release|x86
		{D00EC7F0-7DD1-47A9-B42B-3F402E5E26D6}.Release|Mixed Platforms.Build.0 = Release|x86
		{D00EC7F0-7DD1-47A9-B42B-3F402E5E26D6}.Release|x86.ActiveCfg = Release|x86
		{D00EC7F0-7DD1-47A9-B42B-3F402E5E26D6}.Release|x86.Build.0 = Release|x86
		{9B49F11A-FEEA-486E-A728-2DA7492F9ACF}.Debug|Any CPU.ActiveCfg = Debug|Any CPU
		{9B49F11A-FEEA-486E-A728-2DA7492F9ACF}.Debug|Any CPU.Build.0 = Debug|Any CPU
		{9B49F11A-FEEA-486E-A728-2DA7492F9ACF}.Debug|Mixed Platforms.ActiveCfg = Debug|Any CPU
		{9B49F11A-FEEA-486E-A728-2DA7492F9ACF}.Debug|Mixed Platforms.Build.0 = Debug|Any CPU
		{9B49F11A-FEEA-486E-A728-2DA7492F9ACF}.Debug|x86.ActiveCfg = Debug|Any CPU
		{9B49F11A-FEEA-486E-A728-2DA7492F9ACF}.Release|Any CPU.ActiveCfg = Release|Any CPU
		{9B49F11A-FEEA-486E-A728-2DA7492F9ACF}.Release|Any CPU.Build.0 = Release|Any CPU
		{9B49F11A-FEEA-486E-A728-2DA7492F9ACF}.Release|Mixed Platforms.ActiveCfg = Release|Any CPU
		{9B49F11A-FEEA-486E-A728-2DA7492F9ACF}.Release|Mixed Platforms.Build.0 = Release|Any CPU
		{9B49F11A-FEEA-486E-A728-2DA7492F9ACF}.Release|x86.ActiveCfg = Release|Any CPU
		{89AC2858-1414-4853-9190-A494EAECDF02}.Debug|Any CPU.ActiveCfg = Debug|Any CPU
		{89AC2858-1414-4853-9190-A494EAECDF02}.Debug|Any CPU.Build.0 = Debug|Any CPU
		{89AC2858-1414-4853-9190-A494EAECDF02}.Debug|Mixed Platforms.ActiveCfg = Debug|Any CPU
		{89AC2858-1414-4853-9190-A494EAECDF02}.Debug|Mixed Platforms.Build.0 = Debug|Any CPU
		{89AC2858-1414-4853-9190-A494EAECDF02}.Debug|x86.ActiveCfg = Debug|Any CPU
		{89AC2858-1414-4853-9190-A494EAECDF02}.Release|Any CPU.ActiveCfg = Release|Any CPU
		{89AC2858-1414-4853-9190-A494EAECDF02}.Release|Any CPU.Build.0 = Release|Any CPU
		{89AC2858-1414-4853-9190-A494EAECDF02}.Release|Mixed Platforms.ActiveCfg = Release|Any CPU
		{89AC2858-1414-4853-9190-A494EAECDF02}.Release|Mixed Platforms.Build.0 = Release|Any CPU
		{89AC2858-1414-4853-9190-A494EAECDF02}.Release|x86.ActiveCfg = Release|Any CPU
		{5F5C2EF2-BE9F-49B3-8909-C306A3364793}.Debug|Any CPU.ActiveCfg = Debug|Any CPU
		{5F5C2EF2-BE9F-49B3-8909-C306A3364793}.Debug|Any CPU.Build.0 = Debug|Any CPU
		{5F5C2EF2-BE9F-49B3-8909-C306A3364793}.Debug|Mixed Platforms.ActiveCfg = Debug|Any CPU
		{5F5C2EF2-BE9F-49B3-8909-C306A3364793}.Debug|Mixed Platforms.Build.0 = Debug|Any CPU
		{5F5C2EF2-BE9F-49B3-8909-C306A3364793}.Debug|x86.ActiveCfg = Debug|Any CPU
		{5F5C2EF2-BE9F-49B3-8909-C306A3364793}.Release|Any CPU.ActiveCfg = Release|Any CPU
		{5F5C2EF2-BE9F-49B3-8909-C306A3364793}.Release|Any CPU.Build.0 = Release|Any CPU
		{5F5C2EF2-BE9F-49B3-8909-C306A3364793}.Release|Mixed Platforms.ActiveCfg = Release|Any CPU
		{5F5C2EF2-BE9F-49B3-8909-C306A3364793}.Release|Mixed Platforms.Build.0 = Release|Any CPU
		{5F5C2EF2-BE9F-49B3-8909-C306A3364793}.Release|x86.ActiveCfg = Release|Any CPU
		{5D2E0A56-B306-413C-9EE6-8492FAF5E8D2}.Debug|Any CPU.ActiveCfg = Debug|Any CPU
		{5D2E0A56-B306-413C-9EE6-8492FAF5E8D2}.Debug|Any CPU.Build.0 = Debug|Any CPU
		{5D2E0A56-B306-413C-9EE6-8492FAF5E8D2}.Debug|Mixed Platforms.ActiveCfg = Debug|Any CPU
		{5D2E0A56-B306-413C-9EE6-8492FAF5E8D2}.Debug|Mixed Platforms.Build.0 = Debug|Any CPU
		{5D2E0A56-B306-413C-9EE6-8492FAF5E8D2}.Debug|x86.ActiveCfg = Debug|Any CPU
		{5D2E0A56-B306-413C-9EE6-8492FAF5E8D2}.Release|Any CPU.ActiveCfg = Release|Any CPU
		{5D2E0A56-B306-413C-9EE6-8492FAF5E8D2}.Release|Any CPU.Build.0 = Release|Any CPU
		{5D2E0A56-B306-413C-9EE6-8492FAF5E8D2}.Release|Mixed Platforms.ActiveCfg = Release|Any CPU
		{5D2E0A56-B306-413C-9EE6-8492FAF5E8D2}.Release|Mixed Platforms.Build.0 = Release|Any CPU
		{5D2E0A56-B306-413C-9EE6-8492FAF5E8D2}.Release|x86.ActiveCfg = Release|Any CPU
		{562560A6-F741-43B7-91C9-9E75014D0209}.Debug|Any CPU.ActiveCfg = Debug|Any CPU
		{562560A6-F741-43B7-91C9-9E75014D0209}.Debug|Any CPU.Build.0 = Debug|Any CPU
		{562560A6-F741-43B7-91C9-9E75014D0209}.Debug|Mixed Platforms.ActiveCfg = Debug|Any CPU
		{562560A6-F741-43B7-91C9-9E75014D0209}.Debug|Mixed Platforms.Build.0 = Debug|Any CPU
		{562560A6-F741-43B7-91C9-9E75014D0209}.Debug|x86.ActiveCfg = Debug|Any CPU
		{562560A6-F741-43B7-91C9-9E75014D0209}.Release|Any CPU.ActiveCfg = Release|Any CPU
		{562560A6-F741-43B7-91C9-9E75014D0209}.Release|Any CPU.Build.0 = Release|Any CPU
		{562560A6-F741-43B7-91C9-9E75014D0209}.Release|Mixed Platforms.ActiveCfg = Release|Any CPU
		{562560A6-F741-43B7-91C9-9E75014D0209}.Release|Mixed Platforms.Build.0 = Release|Any CPU
		{562560A6-F741-43B7-91C9-9E75014D0209}.Release|x86.ActiveCfg = Release|Any CPU
		{DA322DA3-BFA8-47A4-839B-A922DB5A79E0}.Debug|Any CPU.ActiveCfg = Debug|Any CPU
		{DA322DA3-BFA8-47A4-839B-A922DB5A79E0}.Debug|Any CPU.Build.0 = Debug|Any CPU
		{DA322DA3-BFA8-47A4-839B-A922DB5A79E0}.Debug|Mixed Platforms.ActiveCfg = Debug|Any CPU
		{DA322DA3-BFA8-47A4-839B-A922DB5A79E0}.Debug|Mixed Platforms.Build.0 = Debug|Any CPU
		{DA322DA3-BFA8-47A4-839B-A922DB5A79E0}.Debug|x86.ActiveCfg = Debug|Any CPU
		{DA322DA3-BFA8-47A4-839B-A922DB5A79E0}.Release|Any CPU.ActiveCfg = Release|Any CPU
		{DA322DA3-BFA8-47A4-839B-A922DB5A79E0}.Release|Any CPU.Build.0 = Release|Any CPU
		{DA322DA3-BFA8-47A4-839B-A922DB5A79E0}.Release|Mixed Platforms.ActiveCfg = Release|Any CPU
		{DA322DA3-BFA8-47A4-839B-A922DB5A79E0}.Release|Mixed Platforms.Build.0 = Release|Any CPU
		{DA322DA3-BFA8-47A4-839B-A922DB5A79E0}.Release|x86.ActiveCfg = Release|Any CPU
		{F23C0C92-A374-4DDE-A25F-067ECD82CAEF}.Debug|Any CPU.ActiveCfg = Debug|Any CPU
		{F23C0C92-A374-4DDE-A25F-067ECD82CAEF}.Debug|Any CPU.Build.0 = Debug|Any CPU
		{F23C0C92-A374-4DDE-A25F-067ECD82CAEF}.Debug|Mixed Platforms.ActiveCfg = Debug|Any CPU
		{F23C0C92-A374-4DDE-A25F-067ECD82CAEF}.Debug|Mixed Platforms.Build.0 = Debug|Any CPU
		{F23C0C92-A374-4DDE-A25F-067ECD82CAEF}.Debug|x86.ActiveCfg = Debug|Any CPU
		{F23C0C92-A374-4DDE-A25F-067ECD82CAEF}.Release|Any CPU.ActiveCfg = Release|Any CPU
		{F23C0C92-A374-4DDE-A25F-067ECD82CAEF}.Release|Any CPU.Build.0 = Release|Any CPU
		{F23C0C92-A374-4DDE-A25F-067ECD82CAEF}.Release|Mixed Platforms.ActiveCfg = Release|Any CPU
		{F23C0C92-A374-4DDE-A25F-067ECD82CAEF}.Release|Mixed Platforms.Build.0 = Release|Any CPU
		{F23C0C92-A374-4DDE-A25F-067ECD82CAEF}.Release|x86.ActiveCfg = Release|Any CPU
		{8D3EBAE7-4EE0-487D-88CE-DABB8A331F7B}.Debug|Any CPU.ActiveCfg = Debug|Any CPU
		{8D3EBAE7-4EE0-487D-88CE-DABB8A331F7B}.Debug|Any CPU.Build.0 = Debug|Any CPU
		{8D3EBAE7-4EE0-487D-88CE-DABB8A331F7B}.Debug|Mixed Platforms.ActiveCfg = Debug|Any CPU
		{8D3EBAE7-4EE0-487D-88CE-DABB8A331F7B}.Debug|Mixed Platforms.Build.0 = Debug|Any CPU
		{8D3EBAE7-4EE0-487D-88CE-DABB8A331F7B}.Debug|x86.ActiveCfg = Debug|Any CPU
		{8D3EBAE7-4EE0-487D-88CE-DABB8A331F7B}.Release|Any CPU.ActiveCfg = Release|Any CPU
		{8D3EBAE7-4EE0-487D-88CE-DABB8A331F7B}.Release|Any CPU.Build.0 = Release|Any CPU
		{8D3EBAE7-4EE0-487D-88CE-DABB8A331F7B}.Release|Mixed Platforms.ActiveCfg = Release|Any CPU
		{8D3EBAE7-4EE0-487D-88CE-DABB8A331F7B}.Release|Mixed Platforms.Build.0 = Release|Any CPU
		{8D3EBAE7-4EE0-487D-88CE-DABB8A331F7B}.Release|x86.ActiveCfg = Release|Any CPU
		{2AF517D6-9D4F-4100-9167-030118204AFF}.Debug|Any CPU.ActiveCfg = Debug|Any CPU
		{2AF517D6-9D4F-4100-9167-030118204AFF}.Debug|Any CPU.Build.0 = Debug|Any CPU
		{2AF517D6-9D4F-4100-9167-030118204AFF}.Debug|Mixed Platforms.ActiveCfg = Debug|Any CPU
		{2AF517D6-9D4F-4100-9167-030118204AFF}.Debug|Mixed Platforms.Build.0 = Debug|Any CPU
		{2AF517D6-9D4F-4100-9167-030118204AFF}.Debug|x86.ActiveCfg = Debug|Any CPU
		{2AF517D6-9D4F-4100-9167-030118204AFF}.Release|Any CPU.ActiveCfg = Release|Any CPU
		{2AF517D6-9D4F-4100-9167-030118204AFF}.Release|Any CPU.Build.0 = Release|Any CPU
		{2AF517D6-9D4F-4100-9167-030118204AFF}.Release|Mixed Platforms.ActiveCfg = Release|Any CPU
		{2AF517D6-9D4F-4100-9167-030118204AFF}.Release|Mixed Platforms.Build.0 = Release|Any CPU
		{2AF517D6-9D4F-4100-9167-030118204AFF}.Release|x86.ActiveCfg = Release|Any CPU
		{9EEC0A3E-0DB4-4081-B2B3-1EDA333989FA}.Debug|Any CPU.ActiveCfg = Debug|Any CPU
		{9EEC0A3E-0DB4-4081-B2B3-1EDA333989FA}.Debug|Any CPU.Build.0 = Debug|Any CPU
		{9EEC0A3E-0DB4-4081-B2B3-1EDA333989FA}.Debug|Mixed Platforms.ActiveCfg = Debug|Any CPU
		{9EEC0A3E-0DB4-4081-B2B3-1EDA333989FA}.Debug|Mixed Platforms.Build.0 = Debug|Any CPU
		{9EEC0A3E-0DB4-4081-B2B3-1EDA333989FA}.Debug|x86.ActiveCfg = Debug|Any CPU
		{9EEC0A3E-0DB4-4081-B2B3-1EDA333989FA}.Release|Any CPU.ActiveCfg = Release|Any CPU
		{9EEC0A3E-0DB4-4081-B2B3-1EDA333989FA}.Release|Any CPU.Build.0 = Release|Any CPU
		{9EEC0A3E-0DB4-4081-B2B3-1EDA333989FA}.Release|Mixed Platforms.ActiveCfg = Release|Any CPU
		{9EEC0A3E-0DB4-4081-B2B3-1EDA333989FA}.Release|Mixed Platforms.Build.0 = Release|Any CPU
		{9EEC0A3E-0DB4-4081-B2B3-1EDA333989FA}.Release|x86.ActiveCfg = Release|Any CPU
		{0BAD529E-3226-4083-B90D-2AED21ED1A98}.Debug|Any CPU.ActiveCfg = Debug|x86
		{0BAD529E-3226-4083-B90D-2AED21ED1A98}.Debug|Mixed Platforms.ActiveCfg = Debug|x86
		{0BAD529E-3226-4083-B90D-2AED21ED1A98}.Debug|Mixed Platforms.Build.0 = Debug|x86
		{0BAD529E-3226-4083-B90D-2AED21ED1A98}.Debug|x86.ActiveCfg = Debug|x86
		{0BAD529E-3226-4083-B90D-2AED21ED1A98}.Debug|x86.Build.0 = Debug|x86
		{0BAD529E-3226-4083-B90D-2AED21ED1A98}.Release|Any CPU.ActiveCfg = Release|x86
		{0BAD529E-3226-4083-B90D-2AED21ED1A98}.Release|Mixed Platforms.ActiveCfg = Release|x86
		{0BAD529E-3226-4083-B90D-2AED21ED1A98}.Release|Mixed Platforms.Build.0 = Release|x86
		{0BAD529E-3226-4083-B90D-2AED21ED1A98}.Release|x86.ActiveCfg = Release|x86
		{0BAD529E-3226-4083-B90D-2AED21ED1A98}.Release|x86.Build.0 = Release|x86
		{F0C2FF7C-BC02-432C-BB81-C94829AD1CD1}.Debug|Any CPU.ActiveCfg = Debug|Any CPU
		{F0C2FF7C-BC02-432C-BB81-C94829AD1CD1}.Debug|Any CPU.Build.0 = Debug|Any CPU
		{F0C2FF7C-BC02-432C-BB81-C94829AD1CD1}.Debug|Mixed Platforms.ActiveCfg = Debug|Any CPU
		{F0C2FF7C-BC02-432C-BB81-C94829AD1CD1}.Debug|Mixed Platforms.Build.0 = Debug|Any CPU
		{F0C2FF7C-BC02-432C-BB81-C94829AD1CD1}.Debug|x86.ActiveCfg = Debug|Any CPU
		{F0C2FF7C-BC02-432C-BB81-C94829AD1CD1}.Release|Any CPU.ActiveCfg = Release|Any CPU
		{F0C2FF7C-BC02-432C-BB81-C94829AD1CD1}.Release|Any CPU.Build.0 = Release|Any CPU
		{F0C2FF7C-BC02-432C-BB81-C94829AD1CD1}.Release|Mixed Platforms.ActiveCfg = Release|Any CPU
		{F0C2FF7C-BC02-432C-BB81-C94829AD1CD1}.Release|Mixed Platforms.Build.0 = Release|Any CPU
		{F0C2FF7C-BC02-432C-BB81-C94829AD1CD1}.Release|x86.ActiveCfg = Release|Any CPU
		{3472D3F0-BB16-47C2-B93F-BA4DD34F84B1}.Debug|Any CPU.ActiveCfg = Debug|Any CPU
		{3472D3F0-BB16-47C2-B93F-BA4DD34F84B1}.Debug|Any CPU.Build.0 = Debug|Any CPU
		{3472D3F0-BB16-47C2-B93F-BA4DD34F84B1}.Debug|Mixed Platforms.ActiveCfg = Debug|Any CPU
		{3472D3F0-BB16-47C2-B93F-BA4DD34F84B1}.Debug|Mixed Platforms.Build.0 = Debug|Any CPU
		{3472D3F0-BB16-47C2-B93F-BA4DD34F84B1}.Debug|x86.ActiveCfg = Debug|Any CPU
		{3472D3F0-BB16-47C2-B93F-BA4DD34F84B1}.Release|Any CPU.ActiveCfg = Release|Any CPU
		{3472D3F0-BB16-47C2-B93F-BA4DD34F84B1}.Release|Any CPU.Build.0 = Release|Any CPU
		{3472D3F0-BB16-47C2-B93F-BA4DD34F84B1}.Release|Mixed Platforms.ActiveCfg = Release|Any CPU
		{3472D3F0-BB16-47C2-B93F-BA4DD34F84B1}.Release|Mixed Platforms.Build.0 = Release|Any CPU
		{3472D3F0-BB16-47C2-B93F-BA4DD34F84B1}.Release|x86.ActiveCfg = Release|Any CPU
		{5676F64B-8799-49D3-AFFB-3DD96A8BE2F4}.Debug|Any CPU.ActiveCfg = Debug|Any CPU
		{5676F64B-8799-49D3-AFFB-3DD96A8BE2F4}.Debug|Any CPU.Build.0 = Debug|Any CPU
		{5676F64B-8799-49D3-AFFB-3DD96A8BE2F4}.Debug|Mixed Platforms.ActiveCfg = Debug|Any CPU
		{5676F64B-8799-49D3-AFFB-3DD96A8BE2F4}.Debug|Mixed Platforms.Build.0 = Debug|Any CPU
		{5676F64B-8799-49D3-AFFB-3DD96A8BE2F4}.Debug|x86.ActiveCfg = Debug|Any CPU
		{5676F64B-8799-49D3-AFFB-3DD96A8BE2F4}.Release|Any CPU.ActiveCfg = Release|Any CPU
		{5676F64B-8799-49D3-AFFB-3DD96A8BE2F4}.Release|Any CPU.Build.0 = Release|Any CPU
		{5676F64B-8799-49D3-AFFB-3DD96A8BE2F4}.Release|Mixed Platforms.ActiveCfg = Release|Any CPU
		{5676F64B-8799-49D3-AFFB-3DD96A8BE2F4}.Release|Mixed Platforms.Build.0 = Release|Any CPU
		{5676F64B-8799-49D3-AFFB-3DD96A8BE2F4}.Release|x86.ActiveCfg = Release|Any CPU
		{7DE1E93A-172A-4D16-8190-48813FCD80F1}.Debug|Any CPU.ActiveCfg = Debug|x86
		{7DE1E93A-172A-4D16-8190-48813FCD80F1}.Debug|Mixed Platforms.ActiveCfg = Debug|x86
		{7DE1E93A-172A-4D16-8190-48813FCD80F1}.Debug|Mixed Platforms.Build.0 = Debug|x86
		{7DE1E93A-172A-4D16-8190-48813FCD80F1}.Debug|x86.ActiveCfg = Debug|x86
		{7DE1E93A-172A-4D16-8190-48813FCD80F1}.Debug|x86.Build.0 = Debug|x86
		{7DE1E93A-172A-4D16-8190-48813FCD80F1}.Release|Any CPU.ActiveCfg = Release|x86
		{7DE1E93A-172A-4D16-8190-48813FCD80F1}.Release|Mixed Platforms.ActiveCfg = Release|x86
		{7DE1E93A-172A-4D16-8190-48813FCD80F1}.Release|Mixed Platforms.Build.0 = Release|x86
		{7DE1E93A-172A-4D16-8190-48813FCD80F1}.Release|x86.ActiveCfg = Release|x86
		{7DE1E93A-172A-4D16-8190-48813FCD80F1}.Release|x86.Build.0 = Release|x86
		{25DB6A14-A47F-424B-9C0A-BFEE017FEB9C}.Debug|Any CPU.ActiveCfg = Debug|x86
		{25DB6A14-A47F-424B-9C0A-BFEE017FEB9C}.Debug|Mixed Platforms.ActiveCfg = Debug|x86
		{25DB6A14-A47F-424B-9C0A-BFEE017FEB9C}.Debug|Mixed Platforms.Build.0 = Debug|x86
		{25DB6A14-A47F-424B-9C0A-BFEE017FEB9C}.Debug|x86.ActiveCfg = Debug|x86
		{25DB6A14-A47F-424B-9C0A-BFEE017FEB9C}.Debug|x86.Build.0 = Debug|x86
		{25DB6A14-A47F-424B-9C0A-BFEE017FEB9C}.Release|Any CPU.ActiveCfg = Release|x86
		{25DB6A14-A47F-424B-9C0A-BFEE017FEB9C}.Release|Mixed Platforms.ActiveCfg = Release|x86
		{25DB6A14-A47F-424B-9C0A-BFEE017FEB9C}.Release|Mixed Platforms.Build.0 = Release|x86
		{25DB6A14-A47F-424B-9C0A-BFEE017FEB9C}.Release|x86.ActiveCfg = Release|x86
		{25DB6A14-A47F-424B-9C0A-BFEE017FEB9C}.Release|x86.Build.0 = Release|x86
		{77D83A45-AD61-420E-B542-4A4E4B4B6E27}.Debug|Any CPU.ActiveCfg = Debug|x86
		{77D83A45-AD61-420E-B542-4A4E4B4B6E27}.Debug|Mixed Platforms.ActiveCfg = Debug|x86
		{77D83A45-AD61-420E-B542-4A4E4B4B6E27}.Debug|Mixed Platforms.Build.0 = Debug|x86
		{77D83A45-AD61-420E-B542-4A4E4B4B6E27}.Debug|x86.ActiveCfg = Debug|x86
		{77D83A45-AD61-420E-B542-4A4E4B4B6E27}.Debug|x86.Build.0 = Debug|x86
		{77D83A45-AD61-420E-B542-4A4E4B4B6E27}.Release|Any CPU.ActiveCfg = Release|x86
		{77D83A45-AD61-420E-B542-4A4E4B4B6E27}.Release|Mixed Platforms.ActiveCfg = Release|x86
		{77D83A45-AD61-420E-B542-4A4E4B4B6E27}.Release|Mixed Platforms.Build.0 = Release|x86
		{77D83A45-AD61-420E-B542-4A4E4B4B6E27}.Release|x86.ActiveCfg = Release|x86
		{77D83A45-AD61-420E-B542-4A4E4B4B6E27}.Release|x86.Build.0 = Release|x86
		{61CA9035-E299-44FA-986C-2018CF5D1E3D}.Debug|Any CPU.ActiveCfg = Debug|x86
		{61CA9035-E299-44FA-986C-2018CF5D1E3D}.Debug|Mixed Platforms.ActiveCfg = Debug|x86
		{61CA9035-E299-44FA-986C-2018CF5D1E3D}.Debug|Mixed Platforms.Build.0 = Debug|x86
		{61CA9035-E299-44FA-986C-2018CF5D1E3D}.Debug|x86.ActiveCfg = Debug|x86
		{61CA9035-E299-44FA-986C-2018CF5D1E3D}.Debug|x86.Build.0 = Debug|x86
		{61CA9035-E299-44FA-986C-2018CF5D1E3D}.Release|Any CPU.ActiveCfg = Release|x86
		{61CA9035-E299-44FA-986C-2018CF5D1E3D}.Release|Mixed Platforms.ActiveCfg = Release|x86
		{61CA9035-E299-44FA-986C-2018CF5D1E3D}.Release|Mixed Platforms.Build.0 = Release|x86
		{61CA9035-E299-44FA-986C-2018CF5D1E3D}.Release|x86.ActiveCfg = Release|x86
		{61CA9035-E299-44FA-986C-2018CF5D1E3D}.Release|x86.Build.0 = Release|x86
		{FE424B37-D7A2-4FE3-A754-3438926DBBD1}.Debug|Any CPU.ActiveCfg = Debug|Any CPU
		{FE424B37-D7A2-4FE3-A754-3438926DBBD1}.Debug|Any CPU.Build.0 = Debug|Any CPU
		{FE424B37-D7A2-4FE3-A754-3438926DBBD1}.Debug|Mixed Platforms.ActiveCfg = Debug|Any CPU
		{FE424B37-D7A2-4FE3-A754-3438926DBBD1}.Debug|Mixed Platforms.Build.0 = Debug|Any CPU
		{FE424B37-D7A2-4FE3-A754-3438926DBBD1}.Debug|x86.ActiveCfg = Debug|Any CPU
		{FE424B37-D7A2-4FE3-A754-3438926DBBD1}.Release|Any CPU.ActiveCfg = Release|Any CPU
		{FE424B37-D7A2-4FE3-A754-3438926DBBD1}.Release|Any CPU.Build.0 = Release|Any CPU
		{FE424B37-D7A2-4FE3-A754-3438926DBBD1}.Release|Mixed Platforms.ActiveCfg = Release|Any CPU
		{FE424B37-D7A2-4FE3-A754-3438926DBBD1}.Release|Mixed Platforms.Build.0 = Release|Any CPU
		{FE424B37-D7A2-4FE3-A754-3438926DBBD1}.Release|x86.ActiveCfg = Release|Any CPU
		{5BD44C53-BC18-4857-B04F-E4475F677BBF}.Debug|Any CPU.ActiveCfg = Debug|Any CPU
		{5BD44C53-BC18-4857-B04F-E4475F677BBF}.Debug|Any CPU.Build.0 = Debug|Any CPU
		{5BD44C53-BC18-4857-B04F-E4475F677BBF}.Debug|Mixed Platforms.ActiveCfg = Debug|Any CPU
		{5BD44C53-BC18-4857-B04F-E4475F677BBF}.Debug|Mixed Platforms.Build.0 = Debug|Any CPU
		{5BD44C53-BC18-4857-B04F-E4475F677BBF}.Debug|x86.ActiveCfg = Debug|Any CPU
		{5BD44C53-BC18-4857-B04F-E4475F677BBF}.Release|Any CPU.ActiveCfg = Release|Any CPU
		{5BD44C53-BC18-4857-B04F-E4475F677BBF}.Release|Any CPU.Build.0 = Release|Any CPU
		{5BD44C53-BC18-4857-B04F-E4475F677BBF}.Release|Mixed Platforms.ActiveCfg = Release|Any CPU
		{5BD44C53-BC18-4857-B04F-E4475F677BBF}.Release|Mixed Platforms.Build.0 = Release|Any CPU
		{5BD44C53-BC18-4857-B04F-E4475F677BBF}.Release|x86.ActiveCfg = Release|Any CPU
		{70C06EBB-B3F8-4458-A456-EDD0CC6306E9}.Debug|Any CPU.ActiveCfg = Debug|x86
		{70C06EBB-B3F8-4458-A456-EDD0CC6306E9}.Debug|Mixed Platforms.ActiveCfg = Debug|x86
		{70C06EBB-B3F8-4458-A456-EDD0CC6306E9}.Debug|Mixed Platforms.Build.0 = Debug|x86
		{70C06EBB-B3F8-4458-A456-EDD0CC6306E9}.Debug|x86.ActiveCfg = Debug|x86
		{70C06EBB-B3F8-4458-A456-EDD0CC6306E9}.Debug|x86.Build.0 = Debug|x86
		{70C06EBB-B3F8-4458-A456-EDD0CC6306E9}.Release|Any CPU.ActiveCfg = Release|x86
		{70C06EBB-B3F8-4458-A456-EDD0CC6306E9}.Release|Mixed Platforms.ActiveCfg = Release|x86
		{70C06EBB-B3F8-4458-A456-EDD0CC6306E9}.Release|Mixed Platforms.Build.0 = Release|x86
		{70C06EBB-B3F8-4458-A456-EDD0CC6306E9}.Release|x86.ActiveCfg = Release|x86
		{70C06EBB-B3F8-4458-A456-EDD0CC6306E9}.Release|x86.Build.0 = Release|x86
		{106FF7A6-239D-4A99-8190-683A03681D8D}.Debug|Any CPU.ActiveCfg = Debug|Any CPU
		{106FF7A6-239D-4A99-8190-683A03681D8D}.Debug|Any CPU.Build.0 = Debug|Any CPU
		{106FF7A6-239D-4A99-8190-683A03681D8D}.Debug|Mixed Platforms.ActiveCfg = Debug|Any CPU
		{106FF7A6-239D-4A99-8190-683A03681D8D}.Debug|Mixed Platforms.Build.0 = Debug|Any CPU
		{106FF7A6-239D-4A99-8190-683A03681D8D}.Debug|x86.ActiveCfg = Debug|Any CPU
		{106FF7A6-239D-4A99-8190-683A03681D8D}.Release|Any CPU.ActiveCfg = Release|Any CPU
		{106FF7A6-239D-4A99-8190-683A03681D8D}.Release|Any CPU.Build.0 = Release|Any CPU
		{106FF7A6-239D-4A99-8190-683A03681D8D}.Release|Mixed Platforms.ActiveCfg = Release|Any CPU
		{106FF7A6-239D-4A99-8190-683A03681D8D}.Release|Mixed Platforms.Build.0 = Release|Any CPU
		{106FF7A6-239D-4A99-8190-683A03681D8D}.Release|x86.ActiveCfg = Release|Any CPU
		{329D8F0C-8119-4CE3-B9AB-51FCACE0E0BB}.Debug|Any CPU.ActiveCfg = Debug|x86
		{329D8F0C-8119-4CE3-B9AB-51FCACE0E0BB}.Debug|Mixed Platforms.ActiveCfg = Debug|x86
		{329D8F0C-8119-4CE3-B9AB-51FCACE0E0BB}.Debug|Mixed Platforms.Build.0 = Debug|x86
		{329D8F0C-8119-4CE3-B9AB-51FCACE0E0BB}.Debug|x86.ActiveCfg = Debug|x86
		{329D8F0C-8119-4CE3-B9AB-51FCACE0E0BB}.Debug|x86.Build.0 = Debug|x86
		{329D8F0C-8119-4CE3-B9AB-51FCACE0E0BB}.Release|Any CPU.ActiveCfg = Release|x86
		{329D8F0C-8119-4CE3-B9AB-51FCACE0E0BB}.Release|Mixed Platforms.ActiveCfg = Release|x86
		{329D8F0C-8119-4CE3-B9AB-51FCACE0E0BB}.Release|Mixed Platforms.Build.0 = Release|x86
		{329D8F0C-8119-4CE3-B9AB-51FCACE0E0BB}.Release|x86.ActiveCfg = Release|x86
		{329D8F0C-8119-4CE3-B9AB-51FCACE0E0BB}.Release|x86.Build.0 = Release|x86
		{55D5F684-12AD-4469-9223-8D0B1964F1E1}.Debug|Any CPU.ActiveCfg = Debug|x86
		{55D5F684-12AD-4469-9223-8D0B1964F1E1}.Debug|Mixed Platforms.ActiveCfg = Debug|x86
		{55D5F684-12AD-4469-9223-8D0B1964F1E1}.Debug|Mixed Platforms.Build.0 = Debug|x86
		{55D5F684-12AD-4469-9223-8D0B1964F1E1}.Debug|x86.ActiveCfg = Debug|x86
		{55D5F684-12AD-4469-9223-8D0B1964F1E1}.Debug|x86.Build.0 = Debug|x86
		{55D5F684-12AD-4469-9223-8D0B1964F1E1}.Release|Any CPU.ActiveCfg = Release|x86
		{55D5F684-12AD-4469-9223-8D0B1964F1E1}.Release|Mixed Platforms.ActiveCfg = Release|x86
		{55D5F684-12AD-4469-9223-8D0B1964F1E1}.Release|Mixed Platforms.Build.0 = Release|x86
		{55D5F684-12AD-4469-9223-8D0B1964F1E1}.Release|x86.ActiveCfg = Release|x86
		{55D5F684-12AD-4469-9223-8D0B1964F1E1}.Release|x86.Build.0 = Release|x86
		{650EAD34-EE51-46CE-9089-4C7BC6AF777E}.Debug|Any CPU.ActiveCfg = Debug|x86
		{650EAD34-EE51-46CE-9089-4C7BC6AF777E}.Debug|Mixed Platforms.ActiveCfg = Debug|x86
		{650EAD34-EE51-46CE-9089-4C7BC6AF777E}.Debug|Mixed Platforms.Build.0 = Debug|x86
		{650EAD34-EE51-46CE-9089-4C7BC6AF777E}.Debug|x86.ActiveCfg = Debug|x86
		{650EAD34-EE51-46CE-9089-4C7BC6AF777E}.Debug|x86.Build.0 = Debug|x86
		{650EAD34-EE51-46CE-9089-4C7BC6AF777E}.Release|Any CPU.ActiveCfg = Release|x86
		{650EAD34-EE51-46CE-9089-4C7BC6AF777E}.Release|Mixed Platforms.ActiveCfg = Release|x86
		{650EAD34-EE51-46CE-9089-4C7BC6AF777E}.Release|Mixed Platforms.Build.0 = Release|x86
		{650EAD34-EE51-46CE-9089-4C7BC6AF777E}.Release|x86.ActiveCfg = Release|x86
		{650EAD34-EE51-46CE-9089-4C7BC6AF777E}.Release|x86.Build.0 = Release|x86
		{656FA0AE-E1B9-4C0D-A7A5-C1B9EC130431}.Debug|Any CPU.ActiveCfg = Debug|x86
		{656FA0AE-E1B9-4C0D-A7A5-C1B9EC130431}.Debug|Mixed Platforms.ActiveCfg = Debug|x86
		{656FA0AE-E1B9-4C0D-A7A5-C1B9EC130431}.Debug|Mixed Platforms.Build.0 = Debug|x86
		{656FA0AE-E1B9-4C0D-A7A5-C1B9EC130431}.Debug|x86.ActiveCfg = Debug|x86
		{656FA0AE-E1B9-4C0D-A7A5-C1B9EC130431}.Debug|x86.Build.0 = Debug|x86
		{656FA0AE-E1B9-4C0D-A7A5-C1B9EC130431}.Release|Any CPU.ActiveCfg = Release|x86
		{656FA0AE-E1B9-4C0D-A7A5-C1B9EC130431}.Release|Mixed Platforms.ActiveCfg = Release|x86
		{656FA0AE-E1B9-4C0D-A7A5-C1B9EC130431}.Release|Mixed Platforms.Build.0 = Release|x86
		{656FA0AE-E1B9-4C0D-A7A5-C1B9EC130431}.Release|x86.ActiveCfg = Release|x86
		{656FA0AE-E1B9-4C0D-A7A5-C1B9EC130431}.Release|x86.Build.0 = Release|x86
		{001AA352-8F86-442A-B264-C9A771D022B9}.Debug|Any CPU.ActiveCfg = Debug|x86
		{001AA352-8F86-442A-B264-C9A771D022B9}.Debug|Mixed Platforms.ActiveCfg = Debug|x86
		{001AA352-8F86-442A-B264-C9A771D022B9}.Debug|Mixed Platforms.Build.0 = Debug|x86
		{001AA352-8F86-442A-B264-C9A771D022B9}.Debug|x86.ActiveCfg = Debug|x86
		{001AA352-8F86-442A-B264-C9A771D022B9}.Debug|x86.Build.0 = Debug|x86
		{001AA352-8F86-442A-B264-C9A771D022B9}.Release|Any CPU.ActiveCfg = Release|x86
		{001AA352-8F86-442A-B264-C9A771D022B9}.Release|Mixed Platforms.ActiveCfg = Release|x86
		{001AA352-8F86-442A-B264-C9A771D022B9}.Release|Mixed Platforms.Build.0 = Release|x86
		{001AA352-8F86-442A-B264-C9A771D022B9}.Release|x86.ActiveCfg = Release|x86
		{001AA352-8F86-442A-B264-C9A771D022B9}.Release|x86.Build.0 = Release|x86
		{C1C040C3-6FE5-41CA-BF05-704399072163}.Debug|Any CPU.ActiveCfg = Debug|Any CPU
		{C1C040C3-6FE5-41CA-BF05-704399072163}.Debug|Any CPU.Build.0 = Debug|Any CPU
		{C1C040C3-6FE5-41CA-BF05-704399072163}.Debug|Mixed Platforms.ActiveCfg = Debug|Any CPU
		{C1C040C3-6FE5-41CA-BF05-704399072163}.Debug|Mixed Platforms.Build.0 = Debug|Any CPU
		{C1C040C3-6FE5-41CA-BF05-704399072163}.Debug|x86.ActiveCfg = Debug|Any CPU
		{C1C040C3-6FE5-41CA-BF05-704399072163}.Release|Any CPU.ActiveCfg = Release|Any CPU
		{C1C040C3-6FE5-41CA-BF05-704399072163}.Release|Any CPU.Build.0 = Release|Any CPU
		{C1C040C3-6FE5-41CA-BF05-704399072163}.Release|Mixed Platforms.ActiveCfg = Release|Any CPU
		{C1C040C3-6FE5-41CA-BF05-704399072163}.Release|Mixed Platforms.Build.0 = Release|Any CPU
		{C1C040C3-6FE5-41CA-BF05-704399072163}.Release|x86.ActiveCfg = Release|Any CPU
		{50380624-EEF4-4994-A0F1-89982A1E40A3}.Debug|Any CPU.ActiveCfg = Debug|Any CPU
		{50380624-EEF4-4994-A0F1-89982A1E40A3}.Debug|Any CPU.Build.0 = Debug|Any CPU
		{50380624-EEF4-4994-A0F1-89982A1E40A3}.Debug|Mixed Platforms.ActiveCfg = Debug|Any CPU
		{50380624-EEF4-4994-A0F1-89982A1E40A3}.Debug|Mixed Platforms.Build.0 = Debug|Any CPU
		{50380624-EEF4-4994-A0F1-89982A1E40A3}.Debug|x86.ActiveCfg = Debug|Any CPU
		{50380624-EEF4-4994-A0F1-89982A1E40A3}.Release|Any CPU.ActiveCfg = Release|Any CPU
		{50380624-EEF4-4994-A0F1-89982A1E40A3}.Release|Any CPU.Build.0 = Release|Any CPU
		{50380624-EEF4-4994-A0F1-89982A1E40A3}.Release|Mixed Platforms.ActiveCfg = Release|Any CPU
		{50380624-EEF4-4994-A0F1-89982A1E40A3}.Release|Mixed Platforms.Build.0 = Release|Any CPU
		{50380624-EEF4-4994-A0F1-89982A1E40A3}.Release|x86.ActiveCfg = Release|Any CPU
		{2B11403A-551F-45E5-A192-A12F01F9039E}.Debug|Any CPU.ActiveCfg = Debug|Any CPU
		{2B11403A-551F-45E5-A192-A12F01F9039E}.Debug|Any CPU.Build.0 = Debug|Any CPU
		{2B11403A-551F-45E5-A192-A12F01F9039E}.Debug|Mixed Platforms.ActiveCfg = Debug|Any CPU
		{2B11403A-551F-45E5-A192-A12F01F9039E}.Debug|Mixed Platforms.Build.0 = Debug|Any CPU
		{2B11403A-551F-45E5-A192-A12F01F9039E}.Debug|x86.ActiveCfg = Debug|Any CPU
		{2B11403A-551F-45E5-A192-A12F01F9039E}.Release|Any CPU.ActiveCfg = Release|Any CPU
		{2B11403A-551F-45E5-A192-A12F01F9039E}.Release|Any CPU.Build.0 = Release|Any CPU
		{2B11403A-551F-45E5-A192-A12F01F9039E}.Release|Mixed Platforms.ActiveCfg = Release|Any CPU
		{2B11403A-551F-45E5-A192-A12F01F9039E}.Release|Mixed Platforms.Build.0 = Release|Any CPU
		{2B11403A-551F-45E5-A192-A12F01F9039E}.Release|x86.ActiveCfg = Release|Any CPU
		{77890E98-1188-4FBE-9AC8-5DBEDFC59F81}.Debug|Any CPU.ActiveCfg = Debug|Any CPU
		{77890E98-1188-4FBE-9AC8-5DBEDFC59F81}.Debug|Any CPU.Build.0 = Debug|Any CPU
		{77890E98-1188-4FBE-9AC8-5DBEDFC59F81}.Debug|Mixed Platforms.ActiveCfg = Debug|Any CPU
		{77890E98-1188-4FBE-9AC8-5DBEDFC59F81}.Debug|Mixed Platforms.Build.0 = Debug|Any CPU
		{77890E98-1188-4FBE-9AC8-5DBEDFC59F81}.Debug|x86.ActiveCfg = Debug|Any CPU
		{77890E98-1188-4FBE-9AC8-5DBEDFC59F81}.Release|Any CPU.ActiveCfg = Release|Any CPU
		{77890E98-1188-4FBE-9AC8-5DBEDFC59F81}.Release|Any CPU.Build.0 = Release|Any CPU
		{77890E98-1188-4FBE-9AC8-5DBEDFC59F81}.Release|Mixed Platforms.ActiveCfg = Release|Any CPU
		{77890E98-1188-4FBE-9AC8-5DBEDFC59F81}.Release|Mixed Platforms.Build.0 = Release|Any CPU
		{77890E98-1188-4FBE-9AC8-5DBEDFC59F81}.Release|x86.ActiveCfg = Release|Any CPU
		{6D3DFA1C-F233-4498-9782-4D9E2661571E}.Debug|Any CPU.ActiveCfg = Debug|Any CPU
		{6D3DFA1C-F233-4498-9782-4D9E2661571E}.Debug|Any CPU.Build.0 = Debug|Any CPU
		{6D3DFA1C-F233-4498-9782-4D9E2661571E}.Debug|Mixed Platforms.ActiveCfg = Debug|Any CPU
		{6D3DFA1C-F233-4498-9782-4D9E2661571E}.Debug|Mixed Platforms.Build.0 = Debug|Any CPU
		{6D3DFA1C-F233-4498-9782-4D9E2661571E}.Debug|x86.ActiveCfg = Debug|Any CPU
		{6D3DFA1C-F233-4498-9782-4D9E2661571E}.Release|Any CPU.ActiveCfg = Release|Any CPU
		{6D3DFA1C-F233-4498-9782-4D9E2661571E}.Release|Any CPU.Build.0 = Release|Any CPU
		{6D3DFA1C-F233-4498-9782-4D9E2661571E}.Release|Mixed Platforms.ActiveCfg = Release|Any CPU
		{6D3DFA1C-F233-4498-9782-4D9E2661571E}.Release|Mixed Platforms.Build.0 = Release|Any CPU
		{6D3DFA1C-F233-4498-9782-4D9E2661571E}.Release|x86.ActiveCfg = Release|Any CPU
		{2FC57CFC-4F63-4260-8102-FB71C4DB26B5}.Debug|Any CPU.ActiveCfg = Debug|Any CPU
		{2FC57CFC-4F63-4260-8102-FB71C4DB26B5}.Debug|Any CPU.Build.0 = Debug|Any CPU
		{2FC57CFC-4F63-4260-8102-FB71C4DB26B5}.Debug|Mixed Platforms.ActiveCfg = Debug|Any CPU
		{2FC57CFC-4F63-4260-8102-FB71C4DB26B5}.Debug|Mixed Platforms.Build.0 = Debug|Any CPU
		{2FC57CFC-4F63-4260-8102-FB71C4DB26B5}.Debug|x86.ActiveCfg = Debug|Any CPU
		{2FC57CFC-4F63-4260-8102-FB71C4DB26B5}.Release|Any CPU.ActiveCfg = Release|Any CPU
		{2FC57CFC-4F63-4260-8102-FB71C4DB26B5}.Release|Any CPU.Build.0 = Release|Any CPU
		{2FC57CFC-4F63-4260-8102-FB71C4DB26B5}.Release|Mixed Platforms.ActiveCfg = Release|Any CPU
		{2FC57CFC-4F63-4260-8102-FB71C4DB26B5}.Release|Mixed Platforms.Build.0 = Release|Any CPU
		{2FC57CFC-4F63-4260-8102-FB71C4DB26B5}.Release|x86.ActiveCfg = Release|Any CPU
		{A8E45D19-7BF2-4C6A-87F4-885CED21B2F0}.Debug|Any CPU.ActiveCfg = Debug|Any CPU
		{A8E45D19-7BF2-4C6A-87F4-885CED21B2F0}.Debug|Any CPU.Build.0 = Debug|Any CPU
		{A8E45D19-7BF2-4C6A-87F4-885CED21B2F0}.Debug|Mixed Platforms.ActiveCfg = Debug|Any CPU
		{A8E45D19-7BF2-4C6A-87F4-885CED21B2F0}.Debug|Mixed Platforms.Build.0 = Debug|Any CPU
		{A8E45D19-7BF2-4C6A-87F4-885CED21B2F0}.Debug|x86.ActiveCfg = Debug|Any CPU
		{A8E45D19-7BF2-4C6A-87F4-885CED21B2F0}.Release|Any CPU.ActiveCfg = Release|Any CPU
		{A8E45D19-7BF2-4C6A-87F4-885CED21B2F0}.Release|Any CPU.Build.0 = Release|Any CPU
		{A8E45D19-7BF2-4C6A-87F4-885CED21B2F0}.Release|Mixed Platforms.ActiveCfg = Release|Any CPU
		{A8E45D19-7BF2-4C6A-87F4-885CED21B2F0}.Release|Mixed Platforms.Build.0 = Release|Any CPU
		{A8E45D19-7BF2-4C6A-87F4-885CED21B2F0}.Release|x86.ActiveCfg = Release|Any CPU
		{6ABEC4DA-4B82-499D-8206-C5A77B9FD68C}.Debug|Any CPU.ActiveCfg = Debug|Any CPU
		{6ABEC4DA-4B82-499D-8206-C5A77B9FD68C}.Debug|Any CPU.Build.0 = Debug|Any CPU
		{6ABEC4DA-4B82-499D-8206-C5A77B9FD68C}.Debug|Mixed Platforms.ActiveCfg = Debug|Any CPU
		{6ABEC4DA-4B82-499D-8206-C5A77B9FD68C}.Debug|Mixed Platforms.Build.0 = Debug|Any CPU
		{6ABEC4DA-4B82-499D-8206-C5A77B9FD68C}.Debug|x86.ActiveCfg = Debug|Any CPU
		{6ABEC4DA-4B82-499D-8206-C5A77B9FD68C}.Release|Any CPU.ActiveCfg = Release|Any CPU
		{6ABEC4DA-4B82-499D-8206-C5A77B9FD68C}.Release|Any CPU.Build.0 = Release|Any CPU
		{6ABEC4DA-4B82-499D-8206-C5A77B9FD68C}.Release|Mixed Platforms.ActiveCfg = Release|Any CPU
		{6ABEC4DA-4B82-499D-8206-C5A77B9FD68C}.Release|Mixed Platforms.Build.0 = Release|Any CPU
		{6ABEC4DA-4B82-499D-8206-C5A77B9FD68C}.Release|x86.ActiveCfg = Release|Any CPU
	EndGlobalSection
	GlobalSection(SolutionProperties) = preSolution
		HideSolutionNode = FALSE
	EndGlobalSection
	GlobalSection(NestedProjects) = preSolution
		{4CB9C704-6C30-4D99-B12F-F6F481F556D4} = {B3C4D61D-0B43-4C86-B19B-3F4FFE1721FF}
		{81358B51-102B-41CD-A97A-7225EE164A05} = {B3C4D61D-0B43-4C86-B19B-3F4FFE1721FF}
		{7565178B-C942-4A8B-BBDF-399153A0C22A} = {2BA72A41-0DBD-438A-8BB9-8E0F215671CB}
		{40477B32-19E6-49CB-844F-5D0FAAF6046D} = {2BA72A41-0DBD-438A-8BB9-8E0F215671CB}
		{BFAC9627-91F3-48AA-BE08-23B37F488F43} = {2BA72A41-0DBD-438A-8BB9-8E0F215671CB}
		{BA714133-9432-49F5-83AA-7A4B37EF8A82} = {2BA72A41-0DBD-438A-8BB9-8E0F215671CB}
		{D528ED6C-FDFA-4E74-A9DC-1467C0A9AF31} = {2BA72A41-0DBD-438A-8BB9-8E0F215671CB}
		{DFD8E848-245F-435F-9F76-32B1FC9538E1} = {CB2929FE-A88A-42D1-9134-56947F551BAC}
		{CF83D3C7-9E42-4F0A-8135-E7886335C35E} = {CB2929FE-A88A-42D1-9134-56947F551BAC}
		{DC5DF0A1-E74D-47CE-855C-6054EA958BB8} = {65D934A2-5ACD-48D3-AB27-28BDC4063CEA}
		{B9911B20-E2EB-4418-A881-5AE4ECE1B2EC} = {65D934A2-5ACD-48D3-AB27-28BDC4063CEA}
		{1F91F9A3-F3D2-48F8-BA96-22F52E1E8277} = {DC5DF0A1-E74D-47CE-855C-6054EA958BB8}
		{55A7401B-2DDF-44BC-B5C7-71D84C276BE0} = {DC5DF0A1-E74D-47CE-855C-6054EA958BB8}
		{670BDD15-FB84-45AC-B440-F8DEDA78B5D4} = {DC5DF0A1-E74D-47CE-855C-6054EA958BB8}
		{ECAC4B9F-8A44-42D6-BC53-D6EC02806BF0} = {B9911B20-E2EB-4418-A881-5AE4ECE1B2EC}
		{07A17ADE-E535-4948-8F27-FCF69725586B} = {B9911B20-E2EB-4418-A881-5AE4ECE1B2EC}
		{0B8AECF1-8312-4D24-9894-B8363835E41B} = {B9911B20-E2EB-4418-A881-5AE4ECE1B2EC}
		{182C7166-E4A0-402D-9F42-9A83AFD08644} = {B9911B20-E2EB-4418-A881-5AE4ECE1B2EC}
		{3446F26D-DC05-4F00-BEA3-3BBD4575BA4B} = {B9911B20-E2EB-4418-A881-5AE4ECE1B2EC}
		{1AB203B7-D7BE-4D26-80F1-9729C5238757} = {B9911B20-E2EB-4418-A881-5AE4ECE1B2EC}
		{2BDE4EF4-0F08-4719-99F0-B6FF89D3EC86} = {9A85131C-3362-45F3-8819-57D7934ED616}
		{92277451-DE83-4AA7-BBA0-AB07A31F0364} = {9A85131C-3362-45F3-8819-57D7934ED616}
		{6D84E395-228F-4419-99B7-4CB54D5084CF} = {9A85131C-3362-45F3-8819-57D7934ED616}
		{4B2BE5EF-1A72-45BC-9039-692FE617238E} = {9A85131C-3362-45F3-8819-57D7934ED616}
		{7BCDD23D-6FED-4F5C-A361-1A80C520278D} = {9A85131C-3362-45F3-8819-57D7934ED616}
		{0BDF9241-7B8C-42B7-ADC1-4CDB82120D03} = {9A85131C-3362-45F3-8819-57D7934ED616}
		{1C93B9D2-1597-43CA-90E2-F07D373E915E} = {9A85131C-3362-45F3-8819-57D7934ED616}
		{25DB5CA2-80C0-4BAE-ADAC-019128F6906C} = {9A85131C-3362-45F3-8819-57D7934ED616}
		{B3D91BE7-274A-49D2-A7B1-573E053D6CA1} = {9A85131C-3362-45F3-8819-57D7934ED616}
		{D8468008-9CDF-42DB-BEBA-6AB6A128CB99} = {9A85131C-3362-45F3-8819-57D7934ED616}
		{0A0E3590-AA38-4BFD-93EB-D6128ADA427D} = {9A85131C-3362-45F3-8819-57D7934ED616}
		{CC834CC9-C941-45FA-AEC5-4F071C292434} = {62EB6BE1-C678-4639-838B-C2B8D999AFF3}
		{2C3525A8-E3C8-4AAF-9C0F-AA1C6DF3E9DE} = {62EB6BE1-C678-4639-838B-C2B8D999AFF3}
		{63A8411A-0904-43F4-94A2-BDEFB26DA460} = {900BEC03-2FED-4B4D-8B2A-FDA23D266BBD}
		{1BC1B82F-BB3D-4126-B9E9-4B22422F7556} = {900BEC03-2FED-4B4D-8B2A-FDA23D266BBD}
		{CC1778B6-86CD-43B6-968A-B1D373789788} = {900BEC03-2FED-4B4D-8B2A-FDA23D266BBD}
		{44DFA86E-4F21-4F2F-A4C2-BDF38F42A63D} = {645E6645-EB4A-470B-B630-49AC3805ACDF}
		{C9E7E37D-881F-484D-958B-50237D1E81F0} = {645E6645-EB4A-470B-B630-49AC3805ACDF}
		{A21FE700-559D-47A5-8EDF-707D700A3D14} = {645E6645-EB4A-470B-B630-49AC3805ACDF}
		{C4B82004-C6D8-4FDA-8A07-6A376C6E58A8} = {645E6645-EB4A-470B-B630-49AC3805ACDF}
		{9B49F11A-FEEA-486E-A728-2DA7492F9ACF} = {CC834CC9-C941-45FA-AEC5-4F071C292434}
		{89AC2858-1414-4853-9190-A494EAECDF02} = {CC834CC9-C941-45FA-AEC5-4F071C292434}
		{5F5C2EF2-BE9F-49B3-8909-C306A3364793} = {CC834CC9-C941-45FA-AEC5-4F071C292434}
		{5D2E0A56-B306-413C-9EE6-8492FAF5E8D2} = {CC834CC9-C941-45FA-AEC5-4F071C292434}
		{562560A6-F741-43B7-91C9-9E75014D0209} = {CC834CC9-C941-45FA-AEC5-4F071C292434}
		{DA322DA3-BFA8-47A4-839B-A922DB5A79E0} = {CC834CC9-C941-45FA-AEC5-4F071C292434}
		{F23C0C92-A374-4DDE-A25F-067ECD82CAEF} = {CC834CC9-C941-45FA-AEC5-4F071C292434}
		{8D3EBAE7-4EE0-487D-88CE-DABB8A331F7B} = {CC834CC9-C941-45FA-AEC5-4F071C292434}
		{2AF517D6-9D4F-4100-9167-030118204AFF} = {2C3525A8-E3C8-4AAF-9C0F-AA1C6DF3E9DE}
		{9EEC0A3E-0DB4-4081-B2B3-1EDA333989FA} = {2C3525A8-E3C8-4AAF-9C0F-AA1C6DF3E9DE}
		{0BAD529E-3226-4083-B90D-2AED21ED1A98} = {2C3525A8-E3C8-4AAF-9C0F-AA1C6DF3E9DE}
		{F0C2FF7C-BC02-432C-BB81-C94829AD1CD1} = {2C3525A8-E3C8-4AAF-9C0F-AA1C6DF3E9DE}
		{3472D3F0-BB16-47C2-B93F-BA4DD34F84B1} = {2C3525A8-E3C8-4AAF-9C0F-AA1C6DF3E9DE}
		{5676F64B-8799-49D3-AFFB-3DD96A8BE2F4} = {2C3525A8-E3C8-4AAF-9C0F-AA1C6DF3E9DE}
		{7DE1E93A-172A-4D16-8190-48813FCD80F1} = {C57F59F6-1752-4494-9362-BB2AD711A1CA}
		{25DB6A14-A47F-424B-9C0A-BFEE017FEB9C} = {C57F59F6-1752-4494-9362-BB2AD711A1CA}
		{77D83A45-AD61-420E-B542-4A4E4B4B6E27} = {C57F59F6-1752-4494-9362-BB2AD711A1CA}
		{61CA9035-E299-44FA-986C-2018CF5D1E3D} = {C57F59F6-1752-4494-9362-BB2AD711A1CA}
		{FE424B37-D7A2-4FE3-A754-3438926DBBD1} = {C57F59F6-1752-4494-9362-BB2AD711A1CA}
		{5BD44C53-BC18-4857-B04F-E4475F677BBF} = {C57F59F6-1752-4494-9362-BB2AD711A1CA}
		{70C06EBB-B3F8-4458-A456-EDD0CC6306E9} = {C57F59F6-1752-4494-9362-BB2AD711A1CA}
		{106FF7A6-239D-4A99-8190-683A03681D8D} = {C57F59F6-1752-4494-9362-BB2AD711A1CA}
		{329D8F0C-8119-4CE3-B9AB-51FCACE0E0BB} = {C57F59F6-1752-4494-9362-BB2AD711A1CA}
		{55D5F684-12AD-4469-9223-8D0B1964F1E1} = {C57F59F6-1752-4494-9362-BB2AD711A1CA}
		{650EAD34-EE51-46CE-9089-4C7BC6AF777E} = {C57F59F6-1752-4494-9362-BB2AD711A1CA}
		{656FA0AE-E1B9-4C0D-A7A5-C1B9EC130431} = {C57F59F6-1752-4494-9362-BB2AD711A1CA}
		{001AA352-8F86-442A-B264-C9A771D022B9} = {C57F59F6-1752-4494-9362-BB2AD711A1CA}
		{C1C040C3-6FE5-41CA-BF05-704399072163} = {84ACAB43-FE5F-40DE-B1B3-164CB7537420}
		{50380624-EEF4-4994-A0F1-89982A1E40A3} = {84ACAB43-FE5F-40DE-B1B3-164CB7537420}
		{2B11403A-551F-45E5-A192-A12F01F9039E} = {84ACAB43-FE5F-40DE-B1B3-164CB7537420}
		{77890E98-1188-4FBE-9AC8-5DBEDFC59F81} = {84ACAB43-FE5F-40DE-B1B3-164CB7537420}
		{6D3DFA1C-F233-4498-9782-4D9E2661571E} = {84ACAB43-FE5F-40DE-B1B3-164CB7537420}
		{2FC57CFC-4F63-4260-8102-FB71C4DB26B5} = {84ACAB43-FE5F-40DE-B1B3-164CB7537420}
		{A8E45D19-7BF2-4C6A-87F4-885CED21B2F0} = {84ACAB43-FE5F-40DE-B1B3-164CB7537420}
		{6ABEC4DA-4B82-499D-8206-C5A77B9FD68C} = {84ACAB43-FE5F-40DE-B1B3-164CB7537420}
		{900BEC03-2FED-4B4D-8B2A-FDA23D266BBD} = {04FD92A5-3B48-48BF-B931-A622625A7A60}
		{645E6645-EB4A-470B-B630-49AC3805ACDF} = {04FD92A5-3B48-48BF-B931-A622625A7A60}
		{408CE59F-21CC-4A55-8487-1EC52C1D6A23} = {04FD92A5-3B48-48BF-B931-A622625A7A60}
		{0513AB0E-8359-4AF9-B6A3-ED0644BAA42E} = {04FD92A5-3B48-48BF-B931-A622625A7A60}
		{D00EC7F0-7DD1-47A9-B42B-3F402E5E26D6} = {04FD92A5-3B48-48BF-B931-A622625A7A60}
		{27B0F300-6DFD-46EF-8998-F4E5737CF2E8} = {04FD92A5-3B48-48BF-B931-A622625A7A60}
		{B6DAB5E7-4AC6-4A4C-AEC5-8C465D5F28C0} = {04FD92A5-3B48-48BF-B931-A622625A7A60}
	EndGlobalSection
EndGlobal
