
Microsoft Visual Studio Solution File, Format Version 11.00
# Visual Studio 2010
Project("{FAE04EC0-301F-11D3-BF4B-00C04F79EFBC}") = "UseEventHandler2", "UseEventHandler2\UseEventHandler2.csproj", "{F23C0C92-A374-4DDE-A25F-067ECD82CAEF}"
EndProject
Global
	GlobalSection(SolutionConfigurationPlatforms) = preSolution
		Debug|Any CPU = Debug|Any CPU
		Release|Any CPU = Release|Any CPU
	EndGlobalSection
	GlobalSection(ProjectConfigurationPlatforms) = postSolution
		{F23C0C92-A374-4DDE-A25F-067ECD82CAEF}.Debug|Any CPU.ActiveCfg = Debug|Any CPU
		{F23C0C92-A374-4DDE-A25F-067ECD82CAEF}.Debug|Any CPU.Build.0 = Debug|Any CPU
		{F23C0C92-A374-4DDE-A25F-067ECD82CAEF}.Release|Any CPU.ActiveCfg = Release|Any CPU
		{F23C0C92-A374-4DDE-A25F-067ECD82CAEF}.Release|Any CPU.Build.0 = Release|Any CPU
	EndGlobalSection
	GlobalSection(SolutionProperties) = preSolution
		HideSolutionNode = FALSE
	EndGlobalSection
EndGlobal
