
Microsoft Visual Studio Solution File, Format Version 11.00
# Visual Studio 2010
Project("{FAE04EC0-301F-11D3-BF4B-00C04F79EFBC}") = "CalculateN", "CalculateN\CalculateN.csproj", "{7565178B-C942-4A8B-BBDF-399153A0C22A}"
EndProject
Global
	GlobalSection(SolutionConfigurationPlatforms) = preSolution
		Debug|Any CPU = Debug|Any CPU
		Release|Any CPU = Release|Any CPU
	EndGlobalSection
	GlobalSection(ProjectConfigurationPlatforms) = postSolution
		{7565178B-C942-4A8B-BBDF-399153A0C22A}.Debug|Any CPU.ActiveCfg = Debug|Any CPU
		{7565178B-C942-4A8B-BBDF-399153A0C22A}.Debug|Any CPU.Build.0 = Debug|Any CPU
		{7565178B-C942-4A8B-BBDF-399153A0C22A}.Release|Any CPU.ActiveCfg = Release|Any CPU
		{7565178B-C942-4A8B-BBDF-399153A0C22A}.Release|Any CPU.Build.0 = Release|Any CPU
	EndGlobalSection
	GlobalSection(SolutionProperties) = preSolution
		HideSolutionNode = FALSE
	EndGlobalSection
EndGlobal
